// !$*UTF8*$!
{
	archiveVersion = 1;
	classes = {
	};
	objectVersion = 46;
	objects = {

/* Begin PBXBuildFile section */
		9FDA6E4F1DC0FB2100192371 /* SYBottomView.h in Headers */ = {isa = PBXBuildFile; fileRef = 9FDA6E411DC0FB2100192371 /* SYBottomView.h */; };
		9FDA6E501DC0FB2100192371 /* SYBottomView.m in Sources */ = {isa = PBXBuildFile; fileRef = 9FDA6E421DC0FB2100192371 /* SYBottomView.m */; };
		9FDA6E511DC0FB2100192371 /* SYBrowserViewCell.h in Headers */ = {isa = PBXBuildFile; fileRef = 9FDA6E431DC0FB2100192371 /* SYBrowserViewCell.h */; };
		9FDA6E521DC0FB2100192371 /* SYBrowserViewCell.m in Sources */ = {isa = PBXBuildFile; fileRef = 9FDA6E441DC0FB2100192371 /* SYBrowserViewCell.m */; };
		9FDA6E531DC0FB2100192371 /* SYImageManager.h in Headers */ = {isa = PBXBuildFile; fileRef = 9FDA6E451DC0FB2100192371 /* SYImageManager.h */; settings = {ATTRIBUTES = (Public, ); }; };
		9FDA6E541DC0FB2100192371 /* SYImageManager.m in Sources */ = {isa = PBXBuildFile; fileRef = 9FDA6E461DC0FB2100192371 /* SYImageManager.m */; };
		9FDA6E551DC0FB2100192371 /* SYImagePickerCell.h in Headers */ = {isa = PBXBuildFile; fileRef = 9FDA6E471DC0FB2100192371 /* SYImagePickerCell.h */; };
		9FDA6E561DC0FB2100192371 /* SYImagePickerCell.m in Sources */ = {isa = PBXBuildFile; fileRef = 9FDA6E481DC0FB2100192371 /* SYImagePickerCell.m */; };
		9FDA6E571DC0FB2100192371 /* SYImagePickerViewController.h in Headers */ = {isa = PBXBuildFile; fileRef = 9FDA6E491DC0FB2100192371 /* SYImagePickerViewController.h */; settings = {ATTRIBUTES = (Public, ); }; };
		9FDA6E581DC0FB2100192371 /* SYImagePickerViewController.m in Sources */ = {isa = PBXBuildFile; fileRef = 9FDA6E4A1DC0FB2100192371 /* SYImagePickerViewController.m */; };
		9FDA6E591DC0FB2100192371 /* SYPhotoBrowserViewController.h in Headers */ = {isa = PBXBuildFile; fileRef = 9FDA6E4B1DC0FB2100192371 /* SYPhotoBrowserViewController.h */; };
		9FDA6E5A1DC0FB2100192371 /* SYPhotoBrowserViewController.m in Sources */ = {isa = PBXBuildFile; fileRef = 9FDA6E4C1DC0FB2100192371 /* SYPhotoBrowserViewController.m */; };
		9FDA6E5B1DC0FB2100192371 /* UIImage+SYExtension.h in Headers */ = {isa = PBXBuildFile; fileRef = 9FDA6E4D1DC0FB2100192371 /* UIImage+SYExtension.h */; };
		9FDA6E5C1DC0FB2100192371 /* UIImage+SYExtension.m in Sources */ = {isa = PBXBuildFile; fileRef = 9FDA6E4E1DC0FB2100192371 /* UIImage+SYExtension.m */; };
		F03CDD381DCC849E0072DA01 /* SYImageEditViewController.h in Headers */ = {isa = PBXBuildFile; fileRef = F03CDD361DCC849E0072DA01 /* SYImageEditViewController.h */; };
		F03CDD391DCC849E0072DA01 /* SYImageEditViewController.m in Sources */ = {isa = PBXBuildFile; fileRef = F03CDD371DCC849E0072DA01 /* SYImageEditViewController.m */; };
		F0F212401DD033DA00BC9715 /* CPUImageFilterUtil.h in Headers */ = {isa = PBXBuildFile; fileRef = F0F2123E1DD033DA00BC9715 /* CPUImageFilterUtil.h */; };
		F0F212411DD033DA00BC9715 /* CPUImageFilterUtil.m in Sources */ = {isa = PBXBuildFile; fileRef = F0F2123F1DD033DA00BC9715 /* CPUImageFilterUtil.m */; };
		F0F212471DD03E7200BC9715 /* SYImageRenderViewController.h in Headers */ = {isa = PBXBuildFile; fileRef = F0F212451DD03E7200BC9715 /* SYImageRenderViewController.h */; };
		F0F212481DD03E7200BC9715 /* SYImageRenderViewController.m in Sources */ = {isa = PBXBuildFile; fileRef = F0F212461DD03E7200BC9715 /* SYImageRenderViewController.m */; };
/* End PBXBuildFile section */

/* Begin PBXFileReference section */
		9FDA6E361DC0FAD200192371 /* SYImageManager.framework */ = {isa = PBXFileReference; explicitFileType = wrapper.framework; includeInIndex = 0; path = SYImageManager.framework; sourceTree = BUILT_PRODUCTS_DIR; };
		9FDA6E3B1DC0FAD200192371 /* Info.plist */ = {isa = PBXFileReference; lastKnownFileType = text.plist.xml; path = Info.plist; sourceTree = "<group>"; };
		9FDA6E411DC0FB2100192371 /* SYBottomView.h */ = {isa = PBXFileReference; fileEncoding = 4; lastKnownFileType = sourcecode.c.h; path = SYBottomView.h; sourceTree = "<group>"; };
		9FDA6E421DC0FB2100192371 /* SYBottomView.m */ = {isa = PBXFileReference; fileEncoding = 4; lastKnownFileType = sourcecode.c.objc; path = SYBottomView.m; sourceTree = "<group>"; };
		9FDA6E431DC0FB2100192371 /* SYBrowserViewCell.h */ = {isa = PBXFileReference; fileEncoding = 4; lastKnownFileType = sourcecode.c.h; path = SYBrowserViewCell.h; sourceTree = "<group>"; };
		9FDA6E441DC0FB2100192371 /* SYBrowserViewCell.m */ = {isa = PBXFileReference; fileEncoding = 4; lastKnownFileType = sourcecode.c.objc; path = SYBrowserViewCell.m; sourceTree = "<group>"; };
		9FDA6E451DC0FB2100192371 /* SYImageManager.h */ = {isa = PBXFileReference; fileEncoding = 4; lastKnownFileType = sourcecode.c.h; path = SYImageManager.h; sourceTree = "<group>"; };
		9FDA6E461DC0FB2100192371 /* SYImageManager.m */ = {isa = PBXFileReference; fileEncoding = 4; lastKnownFileType = sourcecode.c.objc; path = SYImageManager.m; sourceTree = "<group>"; };
		9FDA6E471DC0FB2100192371 /* SYImagePickerCell.h */ = {isa = PBXFileReference; fileEncoding = 4; lastKnownFileType = sourcecode.c.h; path = SYImagePickerCell.h; sourceTree = "<group>"; };
		9FDA6E481DC0FB2100192371 /* SYImagePickerCell.m */ = {isa = PBXFileReference; fileEncoding = 4; lastKnownFileType = sourcecode.c.objc; path = SYImagePickerCell.m; sourceTree = "<group>"; };
		9FDA6E491DC0FB2100192371 /* SYImagePickerViewController.h */ = {isa = PBXFileReference; fileEncoding = 4; lastKnownFileType = sourcecode.c.h; path = SYImagePickerViewController.h; sourceTree = "<group>"; };
		9FDA6E4A1DC0FB2100192371 /* SYImagePickerViewController.m */ = {isa = PBXFileReference; fileEncoding = 4; lastKnownFileType = sourcecode.c.objc; path = SYImagePickerViewController.m; sourceTree = "<group>"; };
		9FDA6E4B1DC0FB2100192371 /* SYPhotoBrowserViewController.h */ = {isa = PBXFileReference; fileEncoding = 4; lastKnownFileType = sourcecode.c.h; path = SYPhotoBrowserViewController.h; sourceTree = "<group>"; };
		9FDA6E4C1DC0FB2100192371 /* SYPhotoBrowserViewController.m */ = {isa = PBXFileReference; fileEncoding = 4; lastKnownFileType = sourcecode.c.objc; path = SYPhotoBrowserViewController.m; sourceTree = "<group>"; };
		9FDA6E4D1DC0FB2100192371 /* UIImage+SYExtension.h */ = {isa = PBXFileReference; fileEncoding = 4; lastKnownFileType = sourcecode.c.h; path = "UIImage+SYExtension.h"; sourceTree = "<group>"; };
		9FDA6E4E1DC0FB2100192371 /* UIImage+SYExtension.m */ = {isa = PBXFileReference; fileEncoding = 4; lastKnownFileType = sourcecode.c.objc; path = "UIImage+SYExtension.m"; sourceTree = "<group>"; };
		F03CDD361DCC849E0072DA01 /* SYImageEditViewController.h */ = {isa = PBXFileReference; fileEncoding = 4; lastKnownFileType = sourcecode.c.h; path = SYImageEditViewController.h; sourceTree = "<group>"; };
		F03CDD371DCC849E0072DA01 /* SYImageEditViewController.m */ = {isa = PBXFileReference; fileEncoding = 4; lastKnownFileType = sourcecode.c.objc; path = SYImageEditViewController.m; sourceTree = "<group>"; };
		F0F2123E1DD033DA00BC9715 /* CPUImageFilterUtil.h */ = {isa = PBXFileReference; fileEncoding = 4; lastKnownFileType = sourcecode.c.h; path = CPUImageFilterUtil.h; sourceTree = "<group>"; };
		F0F2123F1DD033DA00BC9715 /* CPUImageFilterUtil.m */ = {isa = PBXFileReference; fileEncoding = 4; lastKnownFileType = sourcecode.c.objc; path = CPUImageFilterUtil.m; sourceTree = "<group>"; };
		F0F212451DD03E7200BC9715 /* SYImageRenderViewController.h */ = {isa = PBXFileReference; fileEncoding = 4; lastKnownFileType = sourcecode.c.h; path = SYImageRenderViewController.h; sourceTree = "<group>"; };
		F0F212461DD03E7200BC9715 /* SYImageRenderViewController.m */ = {isa = PBXFileReference; fileEncoding = 4; lastKnownFileType = sourcecode.c.objc; path = SYImageRenderViewController.m; sourceTree = "<group>"; };
/* End PBXFileReference section */

/* Begin PBXFrameworksBuildPhase section */
		9FDA6E321DC0FAD200192371 /* Frameworks */ = {
			isa = PBXFrameworksBuildPhase;
			buildActionMask = 2147483647;
			files = (
			);
			runOnlyForDeploymentPostprocessing = 0;
		};
/* End PBXFrameworksBuildPhase section */

/* Begin PBXGroup section */
		9FDA6E2C1DC0FAD200192371 = {
			isa = PBXGroup;
			children = (
				9FDA6E381DC0FAD200192371 /* SYImageManager */,
				9FDA6E371DC0FAD200192371 /* Products */,
			);
			sourceTree = "<group>";
		};
		9FDA6E371DC0FAD200192371 /* Products */ = {
			isa = PBXGroup;
			children = (
				9FDA6E361DC0FAD200192371 /* SYImageManager.framework */,
			);
			name = Products;
			sourceTree = "<group>";
		};
		9FDA6E381DC0FAD200192371 /* SYImageManager */ = {
			isa = PBXGroup;
			children = (
				9FDA6E411DC0FB2100192371 /* SYBottomView.h */,
				9FDA6E421DC0FB2100192371 /* SYBottomView.m */,
				9FDA6E431DC0FB2100192371 /* SYBrowserViewCell.h */,
				9FDA6E441DC0FB2100192371 /* SYBrowserViewCell.m */,
				9FDA6E451DC0FB2100192371 /* SYImageManager.h */,
				9FDA6E461DC0FB2100192371 /* SYImageManager.m */,
				9FDA6E471DC0FB2100192371 /* SYImagePickerCell.h */,
				9FDA6E481DC0FB2100192371 /* SYImagePickerCell.m */,
				9FDA6E491DC0FB2100192371 /* SYImagePickerViewController.h */,
				9FDA6E4A1DC0FB2100192371 /* SYImagePickerViewController.m */,
				F03CDD361DCC849E0072DA01 /* SYImageEditViewController.h */,
				F03CDD371DCC849E0072DA01 /* SYImageEditViewController.m */,
				F0F212451DD03E7200BC9715 /* SYImageRenderViewController.h */,
				F0F212461DD03E7200BC9715 /* SYImageRenderViewController.m */,
				9FDA6E4B1DC0FB2100192371 /* SYPhotoBrowserViewController.h */,
				9FDA6E4C1DC0FB2100192371 /* SYPhotoBrowserViewController.m */,
				9FDA6E4D1DC0FB2100192371 /* UIImage+SYExtension.h */,
				9FDA6E4E1DC0FB2100192371 /* UIImage+SYExtension.m */,
				F0F2123E1DD033DA00BC9715 /* CPUImageFilterUtil.h */,
				F0F2123F1DD033DA00BC9715 /* CPUImageFilterUtil.m */,
				9FDA6E3B1DC0FAD200192371 /* Info.plist */,
			);
			path = SYImageManager;
			sourceTree = "<group>";
		};
/* End PBXGroup section */

/* Begin PBXHeadersBuildPhase section */
		9FDA6E331DC0FAD200192371 /* Headers */ = {
			isa = PBXHeadersBuildPhase;
			buildActionMask = 2147483647;
			files = (
				F0F212401DD033DA00BC9715 /* CPUImageFilterUtil.h in Headers */,
				9FDA6E571DC0FB2100192371 /* SYImagePickerViewController.h in Headers */,
				9FDA6E531DC0FB2100192371 /* SYImageManager.h in Headers */,
				9FDA6E511DC0FB2100192371 /* SYBrowserViewCell.h in Headers */,
				9FDA6E4F1DC0FB2100192371 /* SYBottomView.h in Headers */,
				F0F212471DD03E7200BC9715 /* SYImageRenderViewController.h in Headers */,
				9FDA6E551DC0FB2100192371 /* SYImagePickerCell.h in Headers */,
				F03CDD381DCC849E0072DA01 /* SYImageEditViewController.h in Headers */,
				9FDA6E5B1DC0FB2100192371 /* UIImage+SYExtension.h in Headers */,
				9FDA6E591DC0FB2100192371 /* SYPhotoBrowserViewController.h in Headers */,
			);
			runOnlyForDeploymentPostprocessing = 0;
		};
/* End PBXHeadersBuildPhase section */

/* Begin PBXNativeTarget section */
		9FDA6E351DC0FAD200192371 /* SYImageManager */ = {
			isa = PBXNativeTarget;
			buildConfigurationList = 9FDA6E3E1DC0FAD200192371 /* Build configuration list for PBXNativeTarget "SYImageManager" */;
			buildPhases = (
				9FDA6E311DC0FAD200192371 /* Sources */,
				9FDA6E321DC0FAD200192371 /* Frameworks */,
				9FDA6E331DC0FAD200192371 /* Headers */,
				9FDA6E341DC0FAD200192371 /* Resources */,
			);
			buildRules = (
			);
			dependencies = (
			);
			name = SYImageManager;
			productName = SYImageManager;
			productReference = 9FDA6E361DC0FAD200192371 /* SYImageManager.framework */;
			productType = "com.apple.product-type.framework";
		};
/* End PBXNativeTarget section */

/* Begin PBXProject section */
		9FDA6E2D1DC0FAD200192371 /* Project object */ = {
			isa = PBXProject;
			attributes = {
				LastUpgradeCheck = 0730;
				ORGANIZATIONNAME = "唐绍禹";
				TargetAttributes = {
					9FDA6E351DC0FAD200192371 = {
						CreatedOnToolsVersion = 7.3.1;
					};
				};
			};
			buildConfigurationList = 9FDA6E301DC0FAD200192371 /* Build configuration list for PBXProject "SYImageManager" */;
			compatibilityVersion = "Xcode 3.2";
			developmentRegion = English;
			hasScannedForEncodings = 0;
			knownRegions = (
				en,
			);
			mainGroup = 9FDA6E2C1DC0FAD200192371;
			productRefGroup = 9FDA6E371DC0FAD200192371 /* Products */;
			projectDirPath = "";
			projectRoot = "";
			targets = (
				9FDA6E351DC0FAD200192371 /* SYImageManager */,
			);
		};
/* End PBXProject section */

/* Begin PBXResourcesBuildPhase section */
		9FDA6E341DC0FAD200192371 /* Resources */ = {
			isa = PBXResourcesBuildPhase;
			buildActionMask = 2147483647;
			files = (
			);
			runOnlyForDeploymentPostprocessing = 0;
		};
/* End PBXResourcesBuildPhase section */

/* Begin PBXSourcesBuildPhase section */
		9FDA6E311DC0FAD200192371 /* Sources */ = {
			isa = PBXSourcesBuildPhase;
			buildActionMask = 2147483647;
			files = (
				F0F212481DD03E7200BC9715 /* SYImageRenderViewController.m in Sources */,
				9FDA6E5A1DC0FB2100192371 /* SYPhotoBrowserViewController.m in Sources */,
				9FDA6E5C1DC0FB2100192371 /* UIImage+SYExtension.m in Sources */,
				F03CDD391DCC849E0072DA01 /* SYImageEditViewController.m in Sources */,
				9FDA6E541DC0FB2100192371 /* SYImageManager.m in Sources */,
				9FDA6E581DC0FB2100192371 /* SYImagePickerViewController.m in Sources */,
				9FDA6E501DC0FB2100192371 /* SYBottomView.m in Sources */,
				9FDA6E521DC0FB2100192371 /* SYBrowserViewCell.m in Sources */,
				F0F212411DD033DA00BC9715 /* CPUImageFilterUtil.m in Sources */,
				9FDA6E561DC0FB2100192371 /* SYImagePickerCell.m in Sources */,
			);
			runOnlyForDeploymentPostprocessing = 0;
		};
/* End PBXSourcesBuildPhase section */

/* Begin XCBuildConfiguration section */
		9FDA6E3C1DC0FAD200192371 /* Debug */ = {
			isa = XCBuildConfiguration;
			buildSettings = {
				ALWAYS_SEARCH_USER_PATHS = NO;
				CLANG_ANALYZER_NONNULL = YES;
				CLANG_CXX_LANGUAGE_STANDARD = "gnu++0x";
				CLANG_CXX_LIBRARY = "libc++";
				CLANG_ENABLE_MODULES = YES;
				CLANG_ENABLE_OBJC_ARC = YES;
				CLANG_WARN_BOOL_CONVERSION = YES;
				CLANG_WARN_CONSTANT_CONVERSION = YES;
				CLANG_WARN_DIRECT_OBJC_ISA_USAGE = YES_ERROR;
				CLANG_WARN_EMPTY_BODY = YES;
				CLANG_WARN_ENUM_CONVERSION = YES;
				CLANG_WARN_INT_CONVERSION = YES;
				CLANG_WARN_OBJC_ROOT_CLASS = YES_ERROR;
				CLANG_WARN_UNREACHABLE_CODE = YES;
				CLANG_WARN__DUPLICATE_METHOD_MATCH = YES;
				"CODE_SIGN_IDENTITY[sdk=iphoneos*]" = "iPhone Developer";
				COPY_PHASE_STRIP = NO;
				CURRENT_PROJECT_VERSION = 1;
				DEBUG_INFORMATION_FORMAT = dwarf;
				ENABLE_STRICT_OBJC_MSGSEND = YES;
				ENABLE_TESTABILITY = YES;
				GCC_C_LANGUAGE_STANDARD = gnu99;
				GCC_DYNAMIC_NO_PIC = NO;
				GCC_NO_COMMON_BLOCKS = YES;
				GCC_OPTIMIZATION_LEVEL = 0;
				GCC_PREPROCESSOR_DEFINITIONS = (
					"DEBUG=1",
					"$(inherited)",
				);
				GCC_WARN_64_TO_32_BIT_CONVERSION = YES;
				GCC_WARN_ABOUT_RETURN_TYPE = YES_ERROR;
				GCC_WARN_UNDECLARED_SELECTOR = YES;
				GCC_WARN_UNINITIALIZED_AUTOS = YES_AGGRESSIVE;
				GCC_WARN_UNUSED_FUNCTION = YES;
				GCC_WARN_UNUSED_VARIABLE = YES;
				IPHONEOS_DEPLOYMENT_TARGET = 9.3;
				MTL_ENABLE_DEBUG_INFO = YES;
				ONLY_ACTIVE_ARCH = YES;
				SDKROOT = iphoneos;
				TARGETED_DEVICE_FAMILY = "1,2";
				VERSIONING_SYSTEM = "apple-generic";
				VERSION_INFO_PREFIX = "";
			};
			name = Debug;
		};
		9FDA6E3D1DC0FAD200192371 /* Release */ = {
			isa = XCBuildConfiguration;
			buildSettings = {
				ALWAYS_SEARCH_USER_PATHS = NO;
				CLANG_ANALYZER_NONNULL = YES;
				CLANG_CXX_LANGUAGE_STANDARD = "gnu++0x";
				CLANG_CXX_LIBRARY = "libc++";
				CLANG_ENABLE_MODULES = YES;
				CLANG_ENABLE_OBJC_ARC = YES;
				CLANG_WARN_BOOL_CONVERSION = YES;
				CLANG_WARN_CONSTANT_CONVERSION = YES;
				CLANG_WARN_DIRECT_OBJC_ISA_USAGE = YES_ERROR;
				CLANG_WARN_EMPTY_BODY = YES;
				CLANG_WARN_ENUM_CONVERSION = YES;
				CLANG_WARN_INT_CONVERSION = YES;
				CLANG_WARN_OBJC_ROOT_CLASS = YES_ERROR;
				CLANG_WARN_UNREACHABLE_CODE = YES;
				CLANG_WARN__DUPLICATE_METHOD_MATCH = YES;
				"CODE_SIGN_IDENTITY[sdk=iphoneos*]" = "iPhone Developer";
				COPY_PHASE_STRIP = NO;
				CURRENT_PROJECT_VERSION = 1;
				DEBUG_INFORMATION_FORMAT = "dwarf-with-dsym";
				ENABLE_NS_ASSERTIONS = NO;
				ENABLE_STRICT_OBJC_MSGSEND = YES;
				GCC_C_LANGUAGE_STANDARD = gnu99;
				GCC_NO_COMMON_BLOCKS = YES;
				GCC_WARN_64_TO_32_BIT_CONVERSION = YES;
				GCC_WARN_ABOUT_RETURN_TYPE = YES_ERROR;
				GCC_WARN_UNDECLARED_SELECTOR = YES;
				GCC_WARN_UNINITIALIZED_AUTOS = YES_AGGRESSIVE;
				GCC_WARN_UNUSED_FUNCTION = YES;
				GCC_WARN_UNUSED_VARIABLE = YES;
				IPHONEOS_DEPLOYMENT_TARGET = 9.3;
				MTL_ENABLE_DEBUG_INFO = NO;
				SDKROOT = iphoneos;
				TARGETED_DEVICE_FAMILY = "1,2";
				VALIDATE_PRODUCT = YES;
				VERSIONING_SYSTEM = "apple-generic";
				VERSION_INFO_PREFIX = "";
			};
			name = Release;
		};
		9FDA6E3F1DC0FAD200192371 /* Debug */ = {
			isa = XCBuildConfiguration;
			buildSettings = {
				DEFINES_MODULE = YES;
				DYLIB_COMPATIBILITY_VERSION = 1;
				DYLIB_CURRENT_VERSION = 1;
				DYLIB_INSTALL_NAME_BASE = "@rpath";
				INFOPLIST_FILE = SYImageManager/Info.plist;
				INSTALL_PATH = "$(LOCAL_LIBRARY_DIR)/Frameworks";
				IPHONEOS_DEPLOYMENT_TARGET = 8.0;
				LD_RUNPATH_SEARCH_PATHS = "$(inherited) @executable_path/Frameworks @loader_path/Frameworks";
				MACH_O_TYPE = staticlib;
				ONLY_ACTIVE_ARCH = NO;
				OTHER_LDFLAGS = "-all_load";
				PRODUCT_BUNDLE_IDENTIFIER = Eisen.SYImageManager;
				PRODUCT_NAME = "$(TARGET_NAME)";
				SKIP_INSTALL = YES;
				VALID_ARCHS = "arm64 armv7 armv7s i386";
			};
			name = Debug;
		};
		9FDA6E401DC0FAD200192371 /* Release */ = {
			isa = XCBuildConfiguration;
			buildSettings = {
				DEFINES_MODULE = YES;
				DYLIB_COMPATIBILITY_VERSION = 1;
				DYLIB_CURRENT_VERSION = 1;
				DYLIB_INSTALL_NAME_BASE = "@rpath";
				INFOPLIST_FILE = SYImageManager/Info.plist;
				INSTALL_PATH = "$(LOCAL_LIBRARY_DIR)/Frameworks";
				IPHONEOS_DEPLOYMENT_TARGET = 8.0;
				LD_RUNPATH_SEARCH_PATHS = "$(inherited) @executable_path/Frameworks @loader_path/Frameworks";
				MACH_O_TYPE = staticlib;
				ONLY_ACTIVE_ARCH = NO;
				OTHER_LDFLAGS = "-all_load";
				PRODUCT_BUNDLE_IDENTIFIER = Eisen.SYImageManager;
				PRODUCT_NAME = "$(TARGET_NAME)";
				SKIP_INSTALL = YES;
				VALID_ARCHS = "arm64 armv7 armv7s i386";
			};
			name = Release;
		};
/* End XCBuildConfiguration section */

/* Begin XCConfigurationList section */
		9FDA6E301DC0FAD200192371 /* Build configuration list for PBXProject "SYImageManager" */ = {
			isa = XCConfigurationList;
			buildConfigurations = (
				9FDA6E3C1DC0FAD200192371 /* Debug */,
				9FDA6E3D1DC0FAD200192371 /* Release */,
			);
			defaultConfigurationIsVisible = 0;
			defaultConfigurationName = Release;
		};
		9FDA6E3E1DC0FAD200192371 /* Build configuration list for PBXNativeTarget "SYImageManager" */ = {
			isa = XCConfigurationList;
			buildConfigurations = (
				9FDA6E3F1DC0FAD200192371 /* Debug */,
				9FDA6E401DC0FAD200192371 /* Release */,
			);
			defaultConfigurationIsVisible = 0;
			defaultConfigurationName = Release;
		};
/* End XCConfigurationList section */
	};
	rootObject = 9FDA6E2D1DC0FAD200192371 /* Project object */;
}
