// !$*UTF8*$!
{
	archiveVersion = 1;
	classes = {
	};
	objectVersion = 46;
	objects = {

/* Begin PBXBuildFile section */
		F05B0DB41DC74FE200A47CED /* main.m in Sources */ = {isa = PBXBuildFile; fileRef = F05B0DB31DC74FE200A47CED /* main.m */; };
		F05B0DB71DC74FE200A47CED /* AppDelegate.m in Sources */ = {isa = PBXBuildFile; fileRef = F05B0DB61DC74FE200A47CED /* AppDelegate.m */; };
		F05B0DBA1DC74FE200A47CED /* ViewController.m in Sources */ = {isa = PBXBuildFile; fileRef = F05B0DB91DC74FE200A47CED /* ViewController.m */; };
		F05B0DBD1DC74FE200A47CED /* Main.storyboard in Resources */ = {isa = PBXBuildFile; fileRef = F05B0DBB1DC74FE200A47CED /* Main.storyboard */; };
		F05B0DBF1DC74FE200A47CED /* Assets.xcassets in Resources */ = {isa = PBXBuildFile; fileRef = F05B0DBE1DC74FE200A47CED /* Assets.xcassets */; };
		F05B0DC21DC74FE200A47CED /* LaunchScreen.storyboard in Resources */ = {isa = PBXBuildFile; fileRef = F05B0DC01DC74FE200A47CED /* LaunchScreen.storyboard */; };
		F05B0DCC1DC7514100A47CED /* SYSelectBox.m in Sources */ = {isa = PBXBuildFile; fileRef = F05B0DCB1DC7514100A47CED /* SYSelectBox.m */; };
		F05B0DD11DC7557900A47CED /* ERPullDownCell.m in Sources */ = {isa = PBXBuildFile; fileRef = F05B0DCE1DC7557900A47CED /* ERPullDownCell.m */; };
		F05B0DD21DC7557900A47CED /* ERPullDownMenu.m in Sources */ = {isa = PBXBuildFile; fileRef = F05B0DD01DC7557900A47CED /* ERPullDownMenu.m */; };
/* End PBXBuildFile section */

/* Begin PBXFileReference section */
		F05B0DAF1DC74FE200A47CED /* SYSelectBox.app */ = {isa = PBXFileReference; explicitFileType = wrapper.application; includeInIndex = 0; path = SYSelectBox.app; sourceTree = BUILT_PRODUCTS_DIR; };
		F05B0DB31DC74FE200A47CED /* main.m */ = {isa = PBXFileReference; lastKnownFileType = sourcecode.c.objc; path = main.m; sourceTree = "<group>"; };
		F05B0DB51DC74FE200A47CED /* AppDelegate.h */ = {isa = PBXFileReference; lastKnownFileType = sourcecode.c.h; path = AppDelegate.h; sourceTree = "<group>"; };
		F05B0DB61DC74FE200A47CED /* AppDelegate.m */ = {isa = PBXFileReference; lastKnownFileType = sourcecode.c.objc; path = AppDelegate.m; sourceTree = "<group>"; };
		F05B0DB81DC74FE200A47CED /* ViewController.h */ = {isa = PBXFileReference; lastKnownFileType = sourcecode.c.h; path = ViewController.h; sourceTree = "<group>"; };
		F05B0DB91DC74FE200A47CED /* ViewController.m */ = {isa = PBXFileReference; lastKnownFileType = sourcecode.c.objc; path = ViewController.m; sourceTree = "<group>"; };
		F05B0DBC1DC74FE200A47CED /* Base */ = {isa = PBXFileReference; lastKnownFileType = file.storyboard; name = Base; path = Base.lproj/Main.storyboard; sourceTree = "<group>"; };
		F05B0DBE1DC74FE200A47CED /* Assets.xcassets */ = {isa = PBXFileReference; lastKnownFileType = folder.assetcatalog; path = Assets.xcassets; sourceTree = "<group>"; };
		F05B0DC11DC74FE200A47CED /* Base */ = {isa = PBXFileReference; lastKnownFileType = file.storyboard; name = Base; path = Base.lproj/LaunchScreen.storyboard; sourceTree = "<group>"; };
		F05B0DC31DC74FE200A47CED /* Info.plist */ = {isa = PBXFileReference; lastKnownFileType = text.plist.xml; path = Info.plist; sourceTree = "<group>"; };
		F05B0DCA1DC7514100A47CED /* SYSelectBox.h */ = {isa = PBXFileReference; fileEncoding = 4; lastKnownFileType = sourcecode.c.h; path = SYSelectBox.h; sourceTree = "<group>"; };
		F05B0DCB1DC7514100A47CED /* SYSelectBox.m */ = {isa = PBXFileReference; fileEncoding = 4; lastKnownFileType = sourcecode.c.objc; path = SYSelectBox.m; sourceTree = "<group>"; };
		F05B0DCD1DC7557900A47CED /* ERPullDownCell.h */ = {isa = PBXFileReference; fileEncoding = 4; lastKnownFileType = sourcecode.c.h; path = ERPullDownCell.h; sourceTree = "<group>"; };
		F05B0DCE1DC7557900A47CED /* ERPullDownCell.m */ = {isa = PBXFileReference; fileEncoding = 4; lastKnownFileType = sourcecode.c.objc; path = ERPullDownCell.m; sourceTree = "<group>"; };
		F05B0DCF1DC7557900A47CED /* ERPullDownMenu.h */ = {isa = PBXFileReference; fileEncoding = 4; lastKnownFileType = sourcecode.c.h; path = ERPullDownMenu.h; sourceTree = "<group>"; };
		F05B0DD01DC7557900A47CED /* ERPullDownMenu.m */ = {isa = PBXFileReference; fileEncoding = 4; lastKnownFileType = sourcecode.c.objc; path = ERPullDownMenu.m; sourceTree = "<group>"; };
/* End PBXFileReference section */

/* Begin PBXFrameworksBuildPhase section */
		F05B0DAC1DC74FE200A47CED /* Frameworks */ = {
			isa = PBXFrameworksBuildPhase;
			buildActionMask = 2147483647;
			files = (
			);
			runOnlyForDeploymentPostprocessing = 0;
		};
/* End PBXFrameworksBuildPhase section */

/* Begin PBXGroup section */
		F05B0DA61DC74FE100A47CED = {
			isa = PBXGroup;
			children = (
				F05B0DB11DC74FE200A47CED /* SYSelectBox */,
				F05B0DB01DC74FE200A47CED /* Products */,
			);
			sourceTree = "<group>";
		};
		F05B0DB01DC74FE200A47CED /* Products */ = {
			isa = PBXGroup;
			children = (
				F05B0DAF1DC74FE200A47CED /* SYSelectBox.app */,
			);
			name = Products;
			sourceTree = "<group>";
		};
		F05B0DB11DC74FE200A47CED /* SYSelectBox */ = {
			isa = PBXGroup;
			children = (
				F05B0DC91DC7506B00A47CED /* SYSelectBox */,
				F05B0DB51DC74FE200A47CED /* AppDelegate.h */,
				F05B0DB61DC74FE200A47CED /* AppDelegate.m */,
				F05B0DB81DC74FE200A47CED /* ViewController.h */,
				F05B0DB91DC74FE200A47CED /* ViewController.m */,
				F05B0DBB1DC74FE200A47CED /* Main.storyboard */,
				F05B0DBE1DC74FE200A47CED /* Assets.xcassets */,
				F05B0DC01DC74FE200A47CED /* LaunchScreen.storyboard */,
				F05B0DC31DC74FE200A47CED /* Info.plist */,
				F05B0DB21DC74FE200A47CED /* Supporting Files */,
			);
			path = SYSelectBox;
			sourceTree = "<group>";
		};
		F05B0DB21DC74FE200A47CED /* Supporting Files */ = {
			isa = PBXGroup;
			children = (
				F05B0DB31DC74FE200A47CED /* main.m */,
			);
			name = "Supporting Files";
			sourceTree = "<group>";
		};
		F05B0DC91DC7506B00A47CED /* SYSelectBox */ = {
			isa = PBXGroup;
			children = (
				F05B0DCA1DC7514100A47CED /* SYSelectBox.h */,
				F05B0DCB1DC7514100A47CED /* SYSelectBox.m */,
				F05B0DCD1DC7557900A47CED /* ERPullDownCell.h */,
				F05B0DCE1DC7557900A47CED /* ERPullDownCell.m */,
				F05B0DCF1DC7557900A47CED /* ERPullDownMenu.h */,
				F05B0DD01DC7557900A47CED /* ERPullDownMenu.m */,
			);
			path = SYSelectBox;
			sourceTree = "<group>";
		};
/* End PBXGroup section */

/* Begin PBXNativeTarget section */
		F05B0DAE1DC74FE200A47CED /* SYSelectBox */ = {
			isa = PBXNativeTarget;
			buildConfigurationList = F05B0DC61DC74FE200A47CED /* Build configuration list for PBXNativeTarget "SYSelectBox" */;
			buildPhases = (
				F05B0DAB1DC74FE200A47CED /* Sources */,
				F05B0DAC1DC74FE200A47CED /* Frameworks */,
				F05B0DAD1DC74FE200A47CED /* Resources */,
			);
			buildRules = (
			);
			dependencies = (
			);
			name = SYSelectBox;
			productName = SYSelectBox;
			productReference = F05B0DAF1DC74FE200A47CED /* SYSelectBox.app */;
			productType = "com.apple.product-type.application";
		};
/* End PBXNativeTarget section */

/* Begin PBXProject section */
		F05B0DA71DC74FE100A47CED /* Project object */ = {
			isa = PBXProject;
			attributes = {
				LastUpgradeCheck = 0730;
				ORGANIZATIONNAME = tsy;
				TargetAttributes = {
					F05B0DAE1DC74FE200A47CED = {
						CreatedOnToolsVersion = 7.3.1;
					};
				};
			};
			buildConfigurationList = F05B0DAA1DC74FE100A47CED /* Build configuration list for PBXProject "SYSelectBox" */;
			compatibilityVersion = "Xcode 3.2";
			developmentRegion = English;
			hasScannedForEncodings = 0;
			knownRegions = (
				en,
				Base,
			);
			mainGroup = F05B0DA61DC74FE100A47CED;
			productRefGroup = F05B0DB01DC74FE200A47CED /* Products */;
			projectDirPath = "";
			projectRoot = "";
			targets = (
				F05B0DAE1DC74FE200A47CED /* SYSelectBox */,
			);
		};
/* End PBXProject section */

/* Begin PBXResourcesBuildPhase section */
		F05B0DAD1DC74FE200A47CED /* Resources */ = {
			isa = PBXResourcesBuildPhase;
			buildActionMask = 2147483647;
			files = (
				F05B0DC21DC74FE200A47CED /* LaunchScreen.storyboard in Resources */,
				F05B0DBF1DC74FE200A47CED /* Assets.xcassets in Resources */,
				F05B0DBD1DC74FE200A47CED /* Main.storyboard in Resources */,
			);
			runOnlyForDeploymentPostprocessing = 0;
		};
/* End PBXResourcesBuildPhase section */

/* Begin PBXSourcesBuildPhase section */
		F05B0DAB1DC74FE200A47CED /* Sources */ = {
			isa = PBXSourcesBuildPhase;
			buildActionMask = 2147483647;
			files = (
				F05B0DBA1DC74FE200A47CED /* ViewController.m in Sources */,
				F05B0DCC1DC7514100A47CED /* SYSelectBox.m in Sources */,
				F05B0DD21DC7557900A47CED /* ERPullDownMenu.m in Sources */,
				F05B0DD11DC7557900A47CED /* ERPullDownCell.m in Sources */,
				F05B0DB71DC74FE200A47CED /* AppDelegate.m in Sources */,
				F05B0DB41DC74FE200A47CED /* main.m in Sources */,
			);
			runOnlyForDeploymentPostprocessing = 0;
		};
/* End PBXSourcesBuildPhase section */

/* Begin PBXVariantGroup section */
		F05B0DBB1DC74FE200A47CED /* Main.storyboard */ = {
			isa = PBXVariantGroup;
			children = (
				F05B0DBC1DC74FE200A47CED /* Base */,
			);
			name = Main.storyboard;
			sourceTree = "<group>";
		};
		F05B0DC01DC74FE200A47CED /* LaunchScreen.storyboard */ = {
			isa = PBXVariantGroup;
			children = (
				F05B0DC11DC74FE200A47CED /* Base */,
			);
			name = LaunchScreen.storyboard;
			sourceTree = "<group>";
		};
/* End PBXVariantGroup section */

/* Begin XCBuildConfiguration section */
		F05B0DC41DC74FE200A47CED /* Debug */ = {
			isa = XCBuildConfiguration;
			buildSettings = {
				ALWAYS_SEARCH_USER_PATHS = NO;
				CLANG_ANALYZER_NONNULL = YES;
				CLANG_CXX_LANGUAGE_STANDARD = "gnu++0x";
				CLANG_CXX_LIBRARY = "libc++";
				CLANG_ENABLE_MODULES = YES;
				CLANG_ENABLE_OBJC_ARC = YES;
				CLANG_WARN_BOOL_CONVERSION = YES;
				CLANG_WARN_CONSTANT_CONVERSION = YES;
				CLANG_WARN_DIRECT_OBJC_ISA_USAGE = YES_ERROR;
				CLANG_WARN_EMPTY_BODY = YES;
				CLANG_WARN_ENUM_CONVERSION = YES;
				CLANG_WARN_INT_CONVERSION = YES;
				CLANG_WARN_OBJC_ROOT_CLASS = YES_ERROR;
				CLANG_WARN_UNREACHABLE_CODE = YES;
				CLANG_WARN__DUPLICATE_METHOD_MATCH = YES;
				"CODE_SIGN_IDENTITY[sdk=iphoneos*]" = "iPhone Developer";
				COPY_PHASE_STRIP = NO;
				DEBUG_INFORMATION_FORMAT = dwarf;
				ENABLE_STRICT_OBJC_MSGSEND = YES;
				ENABLE_TESTABILITY = YES;
				GCC_C_LANGUAGE_STANDARD = gnu99;
				GCC_DYNAMIC_NO_PIC = NO;
				GCC_NO_COMMON_BLOCKS = YES;
				GCC_OPTIMIZATION_LEVEL = 0;
				GCC_PREPROCESSOR_DEFINITIONS = (
					"DEBUG=1",
					"$(inherited)",
				);
				GCC_WARN_64_TO_32_BIT_CONVERSION = YES;
				GCC_WARN_ABOUT_RETURN_TYPE = YES_ERROR;
				GCC_WARN_UNDECLARED_SELECTOR = YES;
				GCC_WARN_UNINITIALIZED_AUTOS = YES_AGGRESSIVE;
				GCC_WARN_UNUSED_FUNCTION = YES;
				GCC_WARN_UNUSED_VARIABLE = YES;
				IPHONEOS_DEPLOYMENT_TARGET = 9.3;
				MTL_ENABLE_DEBUG_INFO = YES;
				ONLY_ACTIVE_ARCH = YES;
				SDKROOT = iphoneos;
			};
			name = Debug;
		};
		F05B0DC51DC74FE200A47CED /* Release */ = {
			isa = XCBuildConfiguration;
			buildSettings = {
				ALWAYS_SEARCH_USER_PATHS = NO;
				CLANG_ANALYZER_NONNULL = YES;
				CLANG_CXX_LANGUAGE_STANDARD = "gnu++0x";
				CLANG_CXX_LIBRARY = "libc++";
				CLANG_ENABLE_MODULES = YES;
				CLANG_ENABLE_OBJC_ARC = YES;
				CLANG_WARN_BOOL_CONVERSION = YES;
				CLANG_WARN_CONSTANT_CONVERSION = YES;
				CLANG_WARN_DIRECT_OBJC_ISA_USAGE = YES_ERROR;
				CLANG_WARN_EMPTY_BODY = YES;
				CLANG_WARN_ENUM_CONVERSION = YES;
				CLANG_WARN_INT_CONVERSION = YES;
				CLANG_WARN_OBJC_ROOT_CLASS = YES_ERROR;
				CLANG_WARN_UNREACHABLE_CODE = YES;
				CLANG_WARN__DUPLICATE_METHOD_MATCH = YES;
				"CODE_SIGN_IDENTITY[sdk=iphoneos*]" = "iPhone Developer";
				COPY_PHASE_STRIP = NO;
				DEBUG_INFORMATION_FORMAT = "dwarf-with-dsym";
				ENABLE_NS_ASSERTIONS = NO;
				ENABLE_STRICT_OBJC_MSGSEND = YES;
				GCC_C_LANGUAGE_STANDARD = gnu99;
				GCC_NO_COMMON_BLOCKS = YES;
				GCC_WARN_64_TO_32_BIT_CONVERSION = YES;
				GCC_WARN_ABOUT_RETURN_TYPE = YES_ERROR;
				GCC_WARN_UNDECLARED_SELECTOR = YES;
				GCC_WARN_UNINITIALIZED_AUTOS = YES_AGGRESSIVE;
				GCC_WARN_UNUSED_FUNCTION = YES;
				GCC_WARN_UNUSED_VARIABLE = YES;
				IPHONEOS_DEPLOYMENT_TARGET = 9.3;
				MTL_ENABLE_DEBUG_INFO = NO;
				SDKROOT = iphoneos;
				VALIDATE_PRODUCT = YES;
			};
			name = Release;
		};
		F05B0DC71DC74FE200A47CED /* Debug */ = {
			isa = XCBuildConfiguration;
			buildSettings = {
				ASSETCATALOG_COMPILER_APPICON_NAME = AppIcon;
				INFOPLIST_FILE = SYSelectBox/Info.plist;
				LD_RUNPATH_SEARCH_PATHS = "$(inherited) @executable_path/Frameworks";
				PRODUCT_BUNDLE_IDENTIFIER = sy.team.SYSelectBox;
				PRODUCT_NAME = "$(TARGET_NAME)";
			};
			name = Debug;
		};
		F05B0DC81DC74FE200A47CED /* Release */ = {
			isa = XCBuildConfiguration;
			buildSettings = {
				ASSETCATALOG_COMPILER_APPICON_NAME = AppIcon;
				INFOPLIST_FILE = SYSelectBox/Info.plist;
				LD_RUNPATH_SEARCH_PATHS = "$(inherited) @executable_path/Frameworks";
				PRODUCT_BUNDLE_IDENTIFIER = sy.team.SYSelectBox;
				PRODUCT_NAME = "$(TARGET_NAME)";
			};
			name = Release;
		};
/* End XCBuildConfiguration section */

/* Begin XCConfigurationList section */
		F05B0DAA1DC74FE100A47CED /* Build configuration list for PBXProject "SYSelectBox" */ = {
			isa = XCConfigurationList;
			buildConfigurations = (
				F05B0DC41DC74FE200A47CED /* Debug */,
				F05B0DC51DC74FE200A47CED /* Release */,
			);
			defaultConfigurationIsVisible = 0;
			defaultConfigurationName = Release;
		};
		F05B0DC61DC74FE200A47CED /* Build configuration list for PBXNativeTarget "SYSelectBox" */ = {
			isa = XCConfigurationList;
			buildConfigurations = (
				F05B0DC71DC74FE200A47CED /* Debug */,
				F05B0DC81DC74FE200A47CED /* Release */,
			);
			defaultConfigurationIsVisible = 0;
		};
/* End XCConfigurationList section */
	};
	rootObject = F05B0DA71DC74FE100A47CED /* Project object */;
}
