// !$*UTF8*$!
{
	archiveVersion = 1;
	classes = {
	};
	objectVersion = 46;
	objects = {

/* Begin PBXBuildFile section */
		F04E06001DD16C6800A1C002 /* main.m in Sources */ = {isa = PBXBuildFile; fileRef = F04E05FF1DD16C6800A1C002 /* main.m */; };
		F04E06031DD16C6800A1C002 /* AppDelegate.m in Sources */ = {isa = PBXBuildFile; fileRef = F04E06021DD16C6800A1C002 /* AppDelegate.m */; };
		F04E06061DD16C6800A1C002 /* ViewController.m in Sources */ = {isa = PBXBuildFile; fileRef = F04E06051DD16C6800A1C002 /* ViewController.m */; };
		F04E06091DD16C6800A1C002 /* Main.storyboard in Resources */ = {isa = PBXBuildFile; fileRef = F04E06071DD16C6800A1C002 /* Main.storyboard */; };
		F04E060B1DD16C6800A1C002 /* Assets.xcassets in Resources */ = {isa = PBXBuildFile; fileRef = F04E060A1DD16C6800A1C002 /* Assets.xcassets */; };
		F04E060E1DD16C6800A1C002 /* LaunchScreen.storyboard in Resources */ = {isa = PBXBuildFile; fileRef = F04E060C1DD16C6800A1C002 /* LaunchScreen.storyboard */; };
		F04E06171DD16C8D00A1C002 /* SYCommonTool.m in Sources */ = {isa = PBXBuildFile; fileRef = F04E06161DD16C8D00A1C002 /* SYCommonTool.m */; };
		F09F444F2085E9F20062C4B0 /* SYAuthCodeButton.m in Sources */ = {isa = PBXBuildFile; fileRef = F09F444E2085E9F20062C4B0 /* SYAuthCodeButton.m */; };
		F09F44522085EBDA0062C4B0 /* SYPhonePasswordTextField.m in Sources */ = {isa = PBXBuildFile; fileRef = F09F44512085EBDA0062C4B0 /* SYPhonePasswordTextField.m */; };
		F09F44552085EF750062C4B0 /* SYTransitionAnimation.m in Sources */ = {isa = PBXBuildFile; fileRef = F09F44542085EF750062C4B0 /* SYTransitionAnimation.m */; };
/* End PBXBuildFile section */

/* Begin PBXFileReference section */
		F04E05FB1DD16C6800A1C002 /* SYCommonTool.app */ = {isa = PBXFileReference; explicitFileType = wrapper.application; includeInIndex = 0; path = SYCommonTool.app; sourceTree = BUILT_PRODUCTS_DIR; };
		F04E05FF1DD16C6800A1C002 /* main.m */ = {isa = PBXFileReference; lastKnownFileType = sourcecode.c.objc; path = main.m; sourceTree = "<group>"; };
		F04E06011DD16C6800A1C002 /* AppDelegate.h */ = {isa = PBXFileReference; lastKnownFileType = sourcecode.c.h; path = AppDelegate.h; sourceTree = "<group>"; };
		F04E06021DD16C6800A1C002 /* AppDelegate.m */ = {isa = PBXFileReference; lastKnownFileType = sourcecode.c.objc; path = AppDelegate.m; sourceTree = "<group>"; };
		F04E06041DD16C6800A1C002 /* ViewController.h */ = {isa = PBXFileReference; lastKnownFileType = sourcecode.c.h; path = ViewController.h; sourceTree = "<group>"; };
		F04E06051DD16C6800A1C002 /* ViewController.m */ = {isa = PBXFileReference; lastKnownFileType = sourcecode.c.objc; path = ViewController.m; sourceTree = "<group>"; };
		F04E06081DD16C6800A1C002 /* Base */ = {isa = PBXFileReference; lastKnownFileType = file.storyboard; name = Base; path = Base.lproj/Main.storyboard; sourceTree = "<group>"; };
		F04E060A1DD16C6800A1C002 /* Assets.xcassets */ = {isa = PBXFileReference; lastKnownFileType = folder.assetcatalog; path = Assets.xcassets; sourceTree = "<group>"; };
		F04E060D1DD16C6800A1C002 /* Base */ = {isa = PBXFileReference; lastKnownFileType = file.storyboard; name = Base; path = Base.lproj/LaunchScreen.storyboard; sourceTree = "<group>"; };
		F04E060F1DD16C6800A1C002 /* Info.plist */ = {isa = PBXFileReference; lastKnownFileType = text.plist.xml; path = Info.plist; sourceTree = "<group>"; };
		F04E06151DD16C8D00A1C002 /* SYCommonTool.h */ = {isa = PBXFileReference; fileEncoding = 4; lastKnownFileType = sourcecode.c.h; path = SYCommonTool.h; sourceTree = "<group>"; };
		F04E06161DD16C8D00A1C002 /* SYCommonTool.m */ = {isa = PBXFileReference; fileEncoding = 4; lastKnownFileType = sourcecode.c.objc; path = SYCommonTool.m; sourceTree = "<group>"; };
		F09F444D2085E9F20062C4B0 /* SYAuthCodeButton.h */ = {isa = PBXFileReference; lastKnownFileType = sourcecode.c.h; path = SYAuthCodeButton.h; sourceTree = "<group>"; };
		F09F444E2085E9F20062C4B0 /* SYAuthCodeButton.m */ = {isa = PBXFileReference; lastKnownFileType = sourcecode.c.objc; path = SYAuthCodeButton.m; sourceTree = "<group>"; };
		F09F44502085EBDA0062C4B0 /* SYPhonePasswordTextField.h */ = {isa = PBXFileReference; lastKnownFileType = sourcecode.c.h; path = SYPhonePasswordTextField.h; sourceTree = "<group>"; };
		F09F44512085EBDA0062C4B0 /* SYPhonePasswordTextField.m */ = {isa = PBXFileReference; lastKnownFileType = sourcecode.c.objc; path = SYPhonePasswordTextField.m; sourceTree = "<group>"; };
		F09F44532085EF750062C4B0 /* SYTransitionAnimation.h */ = {isa = PBXFileReference; lastKnownFileType = sourcecode.c.h; path = SYTransitionAnimation.h; sourceTree = "<group>"; };
		F09F44542085EF750062C4B0 /* SYTransitionAnimation.m */ = {isa = PBXFileReference; lastKnownFileType = sourcecode.c.objc; path = SYTransitionAnimation.m; sourceTree = "<group>"; };
/* End PBXFileReference section */

/* Begin PBXFrameworksBuildPhase section */
		F04E05F81DD16C6800A1C002 /* Frameworks */ = {
			isa = PBXFrameworksBuildPhase;
			buildActionMask = 2147483647;
			files = (
			);
			runOnlyForDeploymentPostprocessing = 0;
		};
/* End PBXFrameworksBuildPhase section */

/* Begin PBXGroup section */
		F04E05F21DD16C6800A1C002 = {
			isa = PBXGroup;
			children = (
				F04E05FD1DD16C6800A1C002 /* SYCommonTool */,
				F04E05FC1DD16C6800A1C002 /* Products */,
			);
			sourceTree = "<group>";
		};
		F04E05FC1DD16C6800A1C002 /* Products */ = {
			isa = PBXGroup;
			children = (
				F04E05FB1DD16C6800A1C002 /* SYCommonTool.app */,
			);
			name = Products;
			sourceTree = "<group>";
		};
		F04E05FD1DD16C6800A1C002 /* SYCommonTool */ = {
			isa = PBXGroup;
			children = (
				F04E06011DD16C6800A1C002 /* AppDelegate.h */,
				F04E06021DD16C6800A1C002 /* AppDelegate.m */,
				F04E06041DD16C6800A1C002 /* ViewController.h */,
				F04E06051DD16C6800A1C002 /* ViewController.m */,
				F04E06151DD16C8D00A1C002 /* SYCommonTool.h */,
				F04E06161DD16C8D00A1C002 /* SYCommonTool.m */,
				F09F444D2085E9F20062C4B0 /* SYAuthCodeButton.h */,
				F09F444E2085E9F20062C4B0 /* SYAuthCodeButton.m */,
				F09F44502085EBDA0062C4B0 /* SYPhonePasswordTextField.h */,
				F09F44512085EBDA0062C4B0 /* SYPhonePasswordTextField.m */,
				F09F44532085EF750062C4B0 /* SYTransitionAnimation.h */,
				F09F44542085EF750062C4B0 /* SYTransitionAnimation.m */,
				F04E06071DD16C6800A1C002 /* Main.storyboard */,
				F04E060A1DD16C6800A1C002 /* Assets.xcassets */,
				F04E060C1DD16C6800A1C002 /* LaunchScreen.storyboard */,
				F04E060F1DD16C6800A1C002 /* Info.plist */,
				F04E05FE1DD16C6800A1C002 /* Supporting Files */,
			);
			path = SYCommonTool;
			sourceTree = "<group>";
		};
		F04E05FE1DD16C6800A1C002 /* Supporting Files */ = {
			isa = PBXGroup;
			children = (
				F04E05FF1DD16C6800A1C002 /* main.m */,
			);
			name = "Supporting Files";
			sourceTree = "<group>";
		};
/* End PBXGroup section */

/* Begin PBXNativeTarget section */
		F04E05FA1DD16C6800A1C002 /* SYCommonTool */ = {
			isa = PBXNativeTarget;
			buildConfigurationList = F04E06121DD16C6800A1C002 /* Build configuration list for PBXNativeTarget "SYCommonTool" */;
			buildPhases = (
				F04E05F71DD16C6800A1C002 /* Sources */,
				F04E05F81DD16C6800A1C002 /* Frameworks */,
				F04E05F91DD16C6800A1C002 /* Resources */,
			);
			buildRules = (
			);
			dependencies = (
			);
			name = SYCommonTool;
			productName = SYCommonTool;
			productReference = F04E05FB1DD16C6800A1C002 /* SYCommonTool.app */;
			productType = "com.apple.product-type.application";
		};
/* End PBXNativeTarget section */

/* Begin PBXProject section */
		F04E05F31DD16C6800A1C002 /* Project object */ = {
			isa = PBXProject;
			attributes = {
				LastUpgradeCheck = 0930;
				ORGANIZATIONNAME = tsy;
				TargetAttributes = {
					F04E05FA1DD16C6800A1C002 = {
						CreatedOnToolsVersion = 7.3.1;
						DevelopmentTeam = YKA8G52B85;
					};
				};
			};
			buildConfigurationList = F04E05F61DD16C6800A1C002 /* Build configuration list for PBXProject "SYCommonTool" */;
			compatibilityVersion = "Xcode 3.2";
			developmentRegion = English;
			hasScannedForEncodings = 0;
			knownRegions = (
				en,
				Base,
			);
			mainGroup = F04E05F21DD16C6800A1C002;
			productRefGroup = F04E05FC1DD16C6800A1C002 /* Products */;
			projectDirPath = "";
			projectRoot = "";
			targets = (
				F04E05FA1DD16C6800A1C002 /* SYCommonTool */,
			);
		};
/* End PBXProject section */

/* Begin PBXResourcesBuildPhase section */
		F04E05F91DD16C6800A1C002 /* Resources */ = {
			isa = PBXResourcesBuildPhase;
			buildActionMask = 2147483647;
			files = (
				F04E060E1DD16C6800A1C002 /* LaunchScreen.storyboard in Resources */,
				F04E060B1DD16C6800A1C002 /* Assets.xcassets in Resources */,
				F04E06091DD16C6800A1C002 /* Main.storyboard in Resources */,
			);
			runOnlyForDeploymentPostprocessing = 0;
		};
/* End PBXResourcesBuildPhase section */

/* Begin PBXSourcesBuildPhase section */
		F04E05F71DD16C6800A1C002 /* Sources */ = {
			isa = PBXSourcesBuildPhase;
			buildActionMask = 2147483647;
			files = (
				F09F44552085EF750062C4B0 /* SYTransitionAnimation.m in Sources */,
				F04E06171DD16C8D00A1C002 /* SYCommonTool.m in Sources */,
				F04E06061DD16C6800A1C002 /* ViewController.m in Sources */,
				F04E06031DD16C6800A1C002 /* AppDelegate.m in Sources */,
				F09F44522085EBDA0062C4B0 /* SYPhonePasswordTextField.m in Sources */,
				F04E06001DD16C6800A1C002 /* main.m in Sources */,
				F09F444F2085E9F20062C4B0 /* SYAuthCodeButton.m in Sources */,
			);
			runOnlyForDeploymentPostprocessing = 0;
		};
/* End PBXSourcesBuildPhase section */

/* Begin PBXVariantGroup section */
		F04E06071DD16C6800A1C002 /* Main.storyboard */ = {
			isa = PBXVariantGroup;
			children = (
				F04E06081DD16C6800A1C002 /* Base */,
			);
			name = Main.storyboard;
			sourceTree = "<group>";
		};
		F04E060C1DD16C6800A1C002 /* LaunchScreen.storyboard */ = {
			isa = PBXVariantGroup;
			children = (
				F04E060D1DD16C6800A1C002 /* Base */,
			);
			name = LaunchScreen.storyboard;
			sourceTree = "<group>";
		};
/* End PBXVariantGroup section */

/* Begin XCBuildConfiguration section */
		F04E06101DD16C6800A1C002 /* Debug */ = {
			isa = XCBuildConfiguration;
			buildSettings = {
				ALWAYS_SEARCH_USER_PATHS = NO;
				CLANG_ANALYZER_NONNULL = YES;
				CLANG_CXX_LANGUAGE_STANDARD = "gnu++0x";
				CLANG_CXX_LIBRARY = "libc++";
				CLANG_ENABLE_MODULES = YES;
				CLANG_ENABLE_OBJC_ARC = YES;
				CLANG_WARN_BLOCK_CAPTURE_AUTORELEASING = YES;
				CLANG_WARN_BOOL_CONVERSION = YES;
				CLANG_WARN_COMMA = YES;
				CLANG_WARN_CONSTANT_CONVERSION = YES;
				CLANG_WARN_DEPRECATED_OBJC_IMPLEMENTATIONS = YES;
				CLANG_WARN_DIRECT_OBJC_ISA_USAGE = YES_ERROR;
				CLANG_WARN_EMPTY_BODY = YES;
				CLANG_WARN_ENUM_CONVERSION = YES;
				CLANG_WARN_INFINITE_RECURSION = YES;
				CLANG_WARN_INT_CONVERSION = YES;
				CLANG_WARN_NON_LITERAL_NULL_CONVERSION = YES;
				CLANG_WARN_OBJC_IMPLICIT_RETAIN_SELF = YES;
				CLANG_WARN_OBJC_LITERAL_CONVERSION = YES;
				CLANG_WARN_OBJC_ROOT_CLASS = YES_ERROR;
				CLANG_WARN_RANGE_LOOP_ANALYSIS = YES;
				CLANG_WARN_STRICT_PROTOTYPES = YES;
				CLANG_WARN_SUSPICIOUS_MOVE = YES;
				CLANG_WARN_UNREACHABLE_CODE = YES;
				CLANG_WARN__DUPLICATE_METHOD_MATCH = YES;
				"CODE_SIGN_IDENTITY[sdk=iphoneos*]" = "iPhone Developer";
				COPY_PHASE_STRIP = NO;
				DEBUG_INFORMATION_FORMAT = dwarf;
				ENABLE_STRICT_OBJC_MSGSEND = YES;
				ENABLE_TESTABILITY = YES;
				GCC_C_LANGUAGE_STANDARD = gnu99;
				GCC_DYNAMIC_NO_PIC = NO;
				GCC_NO_COMMON_BLOCKS = YES;
				GCC_OPTIMIZATION_LEVEL = 0;
				GCC_PREPROCESSOR_DEFINITIONS = (
					"DEBUG=1",
					"$(inherited)",
				);
				GCC_WARN_64_TO_32_BIT_CONVERSION = YES;
				GCC_WARN_ABOUT_RETURN_TYPE = YES_ERROR;
				GCC_WARN_UNDECLARED_SELECTOR = YES;
				GCC_WARN_UNINITIALIZED_AUTOS = YES_AGGRESSIVE;
				GCC_WARN_UNUSED_FUNCTION = YES;
				GCC_WARN_UNUSED_VARIABLE = YES;
				IPHONEOS_DEPLOYMENT_TARGET = 9.3;
				MTL_ENABLE_DEBUG_INFO = YES;
				ONLY_ACTIVE_ARCH = YES;
				SDKROOT = iphoneos;
			};
			name = Debug;
		};
		F04E06111DD16C6800A1C002 /* Release */ = {
			isa = XCBuildConfiguration;
			buildSettings = {
				ALWAYS_SEARCH_USER_PATHS = NO;
				CLANG_ANALYZER_NONNULL = YES;
				CLANG_CXX_LANGUAGE_STANDARD = "gnu++0x";
				CLANG_CXX_LIBRARY = "libc++";
				CLANG_ENABLE_MODULES = YES;
				CLANG_ENABLE_OBJC_ARC = YES;
				CLANG_WARN_BLOCK_CAPTURE_AUTORELEASING = YES;
				CLANG_WARN_BOOL_CONVERSION = YES;
				CLANG_WARN_COMMA = YES;
				CLANG_WARN_CONSTANT_CONVERSION = YES;
				CLANG_WARN_DEPRECATED_OBJC_IMPLEMENTATIONS = YES;
				CLANG_WARN_DIRECT_OBJC_ISA_USAGE = YES_ERROR;
				CLANG_WARN_EMPTY_BODY = YES;
				CLANG_WARN_ENUM_CONVERSION = YES;
				CLANG_WARN_INFINITE_RECURSION = YES;
				CLANG_WARN_INT_CONVERSION = YES;
				CLANG_WARN_NON_LITERAL_NULL_CONVERSION = YES;
				CLANG_WARN_OBJC_IMPLICIT_RETAIN_SELF = YES;
				CLANG_WARN_OBJC_LITERAL_CONVERSION = YES;
				CLANG_WARN_OBJC_ROOT_CLASS = YES_ERROR;
				CLANG_WARN_RANGE_LOOP_ANALYSIS = YES;
				CLANG_WARN_STRICT_PROTOTYPES = YES;
				CLANG_WARN_SUSPICIOUS_MOVE = YES;
				CLANG_WARN_UNREACHABLE_CODE = YES;
				CLANG_WARN__DUPLICATE_METHOD_MATCH = YES;
				"CODE_SIGN_IDENTITY[sdk=iphoneos*]" = "iPhone Developer";
				COPY_PHASE_STRIP = NO;
				DEBUG_INFORMATION_FORMAT = "dwarf-with-dsym";
				ENABLE_NS_ASSERTIONS = NO;
				ENABLE_STRICT_OBJC_MSGSEND = YES;
				GCC_C_LANGUAGE_STANDARD = gnu99;
				GCC_NO_COMMON_BLOCKS = YES;
				GCC_WARN_64_TO_32_BIT_CONVERSION = YES;
				GCC_WARN_ABOUT_RETURN_TYPE = YES_ERROR;
				GCC_WARN_UNDECLARED_SELECTOR = YES;
				GCC_WARN_UNINITIALIZED_AUTOS = YES_AGGRESSIVE;
				GCC_WARN_UNUSED_FUNCTION = YES;
				GCC_WARN_UNUSED_VARIABLE = YES;
				IPHONEOS_DEPLOYMENT_TARGET = 9.3;
				MTL_ENABLE_DEBUG_INFO = NO;
				SDKROOT = iphoneos;
				VALIDATE_PRODUCT = YES;
			};
			name = Release;
		};
		F04E06131DD16C6800A1C002 /* Debug */ = {
			isa = XCBuildConfiguration;
			buildSettings = {
				ASSETCATALOG_COMPILER_APPICON_NAME = AppIcon;
				DEVELOPMENT_TEAM = YKA8G52B85;
				INFOPLIST_FILE = SYCommonTool/Info.plist;
				IPHONEOS_DEPLOYMENT_TARGET = 8.0;
				LD_RUNPATH_SEARCH_PATHS = "$(inherited) @executable_path/Frameworks";
				PRODUCT_BUNDLE_IDENTIFIER = sy.team.SYCommonTool;
				PRODUCT_NAME = "$(TARGET_NAME)";
			};
			name = Debug;
		};
		F04E06141DD16C6800A1C002 /* Release */ = {
			isa = XCBuildConfiguration;
			buildSettings = {
				ASSETCATALOG_COMPILER_APPICON_NAME = AppIcon;
				DEVELOPMENT_TEAM = YKA8G52B85;
				INFOPLIST_FILE = SYCommonTool/Info.plist;
				IPHONEOS_DEPLOYMENT_TARGET = 8.0;
				LD_RUNPATH_SEARCH_PATHS = "$(inherited) @executable_path/Frameworks";
				PRODUCT_BUNDLE_IDENTIFIER = sy.team.SYCommonTool;
				PRODUCT_NAME = "$(TARGET_NAME)";
			};
			name = Release;
		};
/* End XCBuildConfiguration section */

/* Begin XCConfigurationList section */
		F04E05F61DD16C6800A1C002 /* Build configuration list for PBXProject "SYCommonTool" */ = {
			isa = XCConfigurationList;
			buildConfigurations = (
				F04E06101DD16C6800A1C002 /* Debug */,
				F04E06111DD16C6800A1C002 /* Release */,
			);
			defaultConfigurationIsVisible = 0;
			defaultConfigurationName = Release;
		};
		F04E06121DD16C6800A1C002 /* Build configuration list for PBXNativeTarget "SYCommonTool" */ = {
			isa = XCConfigurationList;
			buildConfigurations = (
				F04E06131DD16C6800A1C002 /* Debug */,
				F04E06141DD16C6800A1C002 /* Release */,
			);
			defaultConfigurationIsVisible = 0;
			defaultConfigurationName = Release;
		};
/* End XCConfigurationList section */
	};
	rootObject = F04E05F31DD16C6800A1C002 /* Project object */;
}
