// !$*UTF8*$!
{
	archiveVersion = 1;
	classes = {
	};
	objectVersion = 46;
	objects = {

/* Begin PBXBuildFile section */
		F03F874E1DC6D89000A1CCFE /* main.m in Sources */ = {isa = PBXBuildFile; fileRef = F03F874D1DC6D89000A1CCFE /* main.m */; };
		F03F87511DC6D89000A1CCFE /* AppDelegate.m in Sources */ = {isa = PBXBuildFile; fileRef = F03F87501DC6D89000A1CCFE /* AppDelegate.m */; };
		F03F87541DC6D89000A1CCFE /* ViewController.m in Sources */ = {isa = PBXBuildFile; fileRef = F03F87531DC6D89000A1CCFE /* ViewController.m */; };
		F03F87571DC6D89000A1CCFE /* Main.storyboard in Resources */ = {isa = PBXBuildFile; fileRef = F03F87551DC6D89000A1CCFE /* Main.storyboard */; };
		F03F87591DC6D89100A1CCFE /* Assets.xcassets in Resources */ = {isa = PBXBuildFile; fileRef = F03F87581DC6D89100A1CCFE /* Assets.xcassets */; };
		F03F875C1DC6D89100A1CCFE /* LaunchScreen.storyboard in Resources */ = {isa = PBXBuildFile; fileRef = F03F875A1DC6D89100A1CCFE /* LaunchScreen.storyboard */; };
		F03F87661DC6D8C300A1CCFE /* SYPickerViewTool.m in Sources */ = {isa = PBXBuildFile; fileRef = F03F87651DC6D8C300A1CCFE /* SYPickerViewTool.m */; };
		F03F87691DC6DD8B00A1CCFE /* SYPickerTool.m in Sources */ = {isa = PBXBuildFile; fileRef = F03F87681DC6DD8B00A1CCFE /* SYPickerTool.m */; };
		F03F876C1DC6E69100A1CCFE /* SYDatePickerTool.m in Sources */ = {isa = PBXBuildFile; fileRef = F03F876B1DC6E69100A1CCFE /* SYDatePickerTool.m */; };
/* End PBXBuildFile section */

/* Begin PBXFileReference section */
		F03F87491DC6D89000A1CCFE /* SYPicker.app */ = {isa = PBXFileReference; explicitFileType = wrapper.application; includeInIndex = 0; path = SYPicker.app; sourceTree = BUILT_PRODUCTS_DIR; };
		F03F874D1DC6D89000A1CCFE /* main.m */ = {isa = PBXFileReference; lastKnownFileType = sourcecode.c.objc; path = main.m; sourceTree = "<group>"; };
		F03F874F1DC6D89000A1CCFE /* AppDelegate.h */ = {isa = PBXFileReference; lastKnownFileType = sourcecode.c.h; path = AppDelegate.h; sourceTree = "<group>"; };
		F03F87501DC6D89000A1CCFE /* AppDelegate.m */ = {isa = PBXFileReference; lastKnownFileType = sourcecode.c.objc; path = AppDelegate.m; sourceTree = "<group>"; };
		F03F87521DC6D89000A1CCFE /* ViewController.h */ = {isa = PBXFileReference; lastKnownFileType = sourcecode.c.h; path = ViewController.h; sourceTree = "<group>"; };
		F03F87531DC6D89000A1CCFE /* ViewController.m */ = {isa = PBXFileReference; lastKnownFileType = sourcecode.c.objc; path = ViewController.m; sourceTree = "<group>"; };
		F03F87561DC6D89000A1CCFE /* Base */ = {isa = PBXFileReference; lastKnownFileType = file.storyboard; name = Base; path = Base.lproj/Main.storyboard; sourceTree = "<group>"; };
		F03F87581DC6D89100A1CCFE /* Assets.xcassets */ = {isa = PBXFileReference; lastKnownFileType = folder.assetcatalog; path = Assets.xcassets; sourceTree = "<group>"; };
		F03F875B1DC6D89100A1CCFE /* Base */ = {isa = PBXFileReference; lastKnownFileType = file.storyboard; name = Base; path = Base.lproj/LaunchScreen.storyboard; sourceTree = "<group>"; };
		F03F875D1DC6D89100A1CCFE /* Info.plist */ = {isa = PBXFileReference; lastKnownFileType = text.plist.xml; path = Info.plist; sourceTree = "<group>"; };
		F03F87641DC6D8C300A1CCFE /* SYPickerViewTool.h */ = {isa = PBXFileReference; fileEncoding = 4; lastKnownFileType = sourcecode.c.h; path = SYPickerViewTool.h; sourceTree = "<group>"; };
		F03F87651DC6D8C300A1CCFE /* SYPickerViewTool.m */ = {isa = PBXFileReference; fileEncoding = 4; lastKnownFileType = sourcecode.c.objc; path = SYPickerViewTool.m; sourceTree = "<group>"; };
		F03F87671DC6DD8B00A1CCFE /* SYPickerTool.h */ = {isa = PBXFileReference; fileEncoding = 4; lastKnownFileType = sourcecode.c.h; path = SYPickerTool.h; sourceTree = "<group>"; };
		F03F87681DC6DD8B00A1CCFE /* SYPickerTool.m */ = {isa = PBXFileReference; fileEncoding = 4; lastKnownFileType = sourcecode.c.objc; path = SYPickerTool.m; sourceTree = "<group>"; };
		F03F876A1DC6E69100A1CCFE /* SYDatePickerTool.h */ = {isa = PBXFileReference; fileEncoding = 4; lastKnownFileType = sourcecode.c.h; path = SYDatePickerTool.h; sourceTree = "<group>"; };
		F03F876B1DC6E69100A1CCFE /* SYDatePickerTool.m */ = {isa = PBXFileReference; fileEncoding = 4; lastKnownFileType = sourcecode.c.objc; path = SYDatePickerTool.m; sourceTree = "<group>"; };
/* End PBXFileReference section */

/* Begin PBXFrameworksBuildPhase section */
		F03F87461DC6D89000A1CCFE /* Frameworks */ = {
			isa = PBXFrameworksBuildPhase;
			buildActionMask = 2147483647;
			files = (
			);
			runOnlyForDeploymentPostprocessing = 0;
		};
/* End PBXFrameworksBuildPhase section */

/* Begin PBXGroup section */
		F03F87401DC6D89000A1CCFE = {
			isa = PBXGroup;
			children = (
				F03F874B1DC6D89000A1CCFE /* SYPicker */,
				F03F874A1DC6D89000A1CCFE /* Products */,
			);
			sourceTree = "<group>";
		};
		F03F874A1DC6D89000A1CCFE /* Products */ = {
			isa = PBXGroup;
			children = (
				F03F87491DC6D89000A1CCFE /* SYPicker.app */,
			);
			name = Products;
			sourceTree = "<group>";
		};
		F03F874B1DC6D89000A1CCFE /* SYPicker */ = {
			isa = PBXGroup;
			children = (
				F03F87631DC6D8B600A1CCFE /* SYPicker */,
				F03F874F1DC6D89000A1CCFE /* AppDelegate.h */,
				F03F87501DC6D89000A1CCFE /* AppDelegate.m */,
				F03F87521DC6D89000A1CCFE /* ViewController.h */,
				F03F87531DC6D89000A1CCFE /* ViewController.m */,
				F03F87551DC6D89000A1CCFE /* Main.storyboard */,
				F03F87581DC6D89100A1CCFE /* Assets.xcassets */,
				F03F875A1DC6D89100A1CCFE /* LaunchScreen.storyboard */,
				F03F875D1DC6D89100A1CCFE /* Info.plist */,
				F03F874C1DC6D89000A1CCFE /* Supporting Files */,
			);
			path = SYPicker;
			sourceTree = "<group>";
		};
		F03F874C1DC6D89000A1CCFE /* Supporting Files */ = {
			isa = PBXGroup;
			children = (
				F03F874D1DC6D89000A1CCFE /* main.m */,
			);
			name = "Supporting Files";
			sourceTree = "<group>";
		};
		F03F87631DC6D8B600A1CCFE /* SYPicker */ = {
			isa = PBXGroup;
			children = (
				F03F876A1DC6E69100A1CCFE /* SYDatePickerTool.h */,
				F03F876B1DC6E69100A1CCFE /* SYDatePickerTool.m */,
				F03F87641DC6D8C300A1CCFE /* SYPickerViewTool.h */,
				F03F87651DC6D8C300A1CCFE /* SYPickerViewTool.m */,
				F03F87671DC6DD8B00A1CCFE /* SYPickerTool.h */,
				F03F87681DC6DD8B00A1CCFE /* SYPickerTool.m */,
			);
			path = SYPicker;
			sourceTree = "<group>";
		};
/* End PBXGroup section */

/* Begin PBXNativeTarget section */
		F03F87481DC6D89000A1CCFE /* SYPicker */ = {
			isa = PBXNativeTarget;
			buildConfigurationList = F03F87601DC6D89100A1CCFE /* Build configuration list for PBXNativeTarget "SYPicker" */;
			buildPhases = (
				F03F87451DC6D89000A1CCFE /* Sources */,
				F03F87461DC6D89000A1CCFE /* Frameworks */,
				F03F87471DC6D89000A1CCFE /* Resources */,
			);
			buildRules = (
			);
			dependencies = (
			);
			name = SYPicker;
			productName = SYPicker;
			productReference = F03F87491DC6D89000A1CCFE /* SYPicker.app */;
			productType = "com.apple.product-type.application";
		};
/* End PBXNativeTarget section */

/* Begin PBXProject section */
		F03F87411DC6D89000A1CCFE /* Project object */ = {
			isa = PBXProject;
			attributes = {
				LastUpgradeCheck = 0730;
				ORGANIZATIONNAME = tsy;
				TargetAttributes = {
					F03F87481DC6D89000A1CCFE = {
						CreatedOnToolsVersion = 7.3.1;
					};
				};
			};
			buildConfigurationList = F03F87441DC6D89000A1CCFE /* Build configuration list for PBXProject "SYPicker" */;
			compatibilityVersion = "Xcode 3.2";
			developmentRegion = English;
			hasScannedForEncodings = 0;
			knownRegions = (
				en,
				Base,
			);
			mainGroup = F03F87401DC6D89000A1CCFE;
			productRefGroup = F03F874A1DC6D89000A1CCFE /* Products */;
			projectDirPath = "";
			projectRoot = "";
			targets = (
				F03F87481DC6D89000A1CCFE /* SYPicker */,
			);
		};
/* End PBXProject section */

/* Begin PBXResourcesBuildPhase section */
		F03F87471DC6D89000A1CCFE /* Resources */ = {
			isa = PBXResourcesBuildPhase;
			buildActionMask = 2147483647;
			files = (
				F03F875C1DC6D89100A1CCFE /* LaunchScreen.storyboard in Resources */,
				F03F87591DC6D89100A1CCFE /* Assets.xcassets in Resources */,
				F03F87571DC6D89000A1CCFE /* Main.storyboard in Resources */,
			);
			runOnlyForDeploymentPostprocessing = 0;
		};
/* End PBXResourcesBuildPhase section */

/* Begin PBXSourcesBuildPhase section */
		F03F87451DC6D89000A1CCFE /* Sources */ = {
			isa = PBXSourcesBuildPhase;
			buildActionMask = 2147483647;
			files = (
				F03F87661DC6D8C300A1CCFE /* SYPickerViewTool.m in Sources */,
				F03F876C1DC6E69100A1CCFE /* SYDatePickerTool.m in Sources */,
				F03F87691DC6DD8B00A1CCFE /* SYPickerTool.m in Sources */,
				F03F87541DC6D89000A1CCFE /* ViewController.m in Sources */,
				F03F87511DC6D89000A1CCFE /* AppDelegate.m in Sources */,
				F03F874E1DC6D89000A1CCFE /* main.m in Sources */,
			);
			runOnlyForDeploymentPostprocessing = 0;
		};
/* End PBXSourcesBuildPhase section */

/* Begin PBXVariantGroup section */
		F03F87551DC6D89000A1CCFE /* Main.storyboard */ = {
			isa = PBXVariantGroup;
			children = (
				F03F87561DC6D89000A1CCFE /* Base */,
			);
			name = Main.storyboard;
			sourceTree = "<group>";
		};
		F03F875A1DC6D89100A1CCFE /* LaunchScreen.storyboard */ = {
			isa = PBXVariantGroup;
			children = (
				F03F875B1DC6D89100A1CCFE /* Base */,
			);
			name = LaunchScreen.storyboard;
			sourceTree = "<group>";
		};
/* End PBXVariantGroup section */

/* Begin XCBuildConfiguration section */
		F03F875E1DC6D89100A1CCFE /* Debug */ = {
			isa = XCBuildConfiguration;
			buildSettings = {
				ALWAYS_SEARCH_USER_PATHS = NO;
				CLANG_ANALYZER_NONNULL = YES;
				CLANG_CXX_LANGUAGE_STANDARD = "gnu++0x";
				CLANG_CXX_LIBRARY = "libc++";
				CLANG_ENABLE_MODULES = YES;
				CLANG_ENABLE_OBJC_ARC = YES;
				CLANG_WARN_BOOL_CONVERSION = YES;
				CLANG_WARN_CONSTANT_CONVERSION = YES;
				CLANG_WARN_DIRECT_OBJC_ISA_USAGE = YES_ERROR;
				CLANG_WARN_EMPTY_BODY = YES;
				CLANG_WARN_ENUM_CONVERSION = YES;
				CLANG_WARN_INT_CONVERSION = YES;
				CLANG_WARN_OBJC_ROOT_CLASS = YES_ERROR;
				CLANG_WARN_UNREACHABLE_CODE = YES;
				CLANG_WARN__DUPLICATE_METHOD_MATCH = YES;
				"CODE_SIGN_IDENTITY[sdk=iphoneos*]" = "iPhone Developer";
				COPY_PHASE_STRIP = NO;
				DEBUG_INFORMATION_FORMAT = dwarf;
				ENABLE_STRICT_OBJC_MSGSEND = YES;
				ENABLE_TESTABILITY = YES;
				GCC_C_LANGUAGE_STANDARD = gnu99;
				GCC_DYNAMIC_NO_PIC = NO;
				GCC_NO_COMMON_BLOCKS = YES;
				GCC_OPTIMIZATION_LEVEL = 0;
				GCC_PREPROCESSOR_DEFINITIONS = (
					"DEBUG=1",
					"$(inherited)",
				);
				GCC_WARN_64_TO_32_BIT_CONVERSION = YES;
				GCC_WARN_ABOUT_RETURN_TYPE = YES_ERROR;
				GCC_WARN_UNDECLARED_SELECTOR = YES;
				GCC_WARN_UNINITIALIZED_AUTOS = YES_AGGRESSIVE;
				GCC_WARN_UNUSED_FUNCTION = YES;
				GCC_WARN_UNUSED_VARIABLE = YES;
				IPHONEOS_DEPLOYMENT_TARGET = 9.3;
				MTL_ENABLE_DEBUG_INFO = YES;
				ONLY_ACTIVE_ARCH = YES;
				SDKROOT = iphoneos;
			};
			name = Debug;
		};
		F03F875F1DC6D89100A1CCFE /* Release */ = {
			isa = XCBuildConfiguration;
			buildSettings = {
				ALWAYS_SEARCH_USER_PATHS = NO;
				CLANG_ANALYZER_NONNULL = YES;
				CLANG_CXX_LANGUAGE_STANDARD = "gnu++0x";
				CLANG_CXX_LIBRARY = "libc++";
				CLANG_ENABLE_MODULES = YES;
				CLANG_ENABLE_OBJC_ARC = YES;
				CLANG_WARN_BOOL_CONVERSION = YES;
				CLANG_WARN_CONSTANT_CONVERSION = YES;
				CLANG_WARN_DIRECT_OBJC_ISA_USAGE = YES_ERROR;
				CLANG_WARN_EMPTY_BODY = YES;
				CLANG_WARN_ENUM_CONVERSION = YES;
				CLANG_WARN_INT_CONVERSION = YES;
				CLANG_WARN_OBJC_ROOT_CLASS = YES_ERROR;
				CLANG_WARN_UNREACHABLE_CODE = YES;
				CLANG_WARN__DUPLICATE_METHOD_MATCH = YES;
				"CODE_SIGN_IDENTITY[sdk=iphoneos*]" = "iPhone Developer";
				COPY_PHASE_STRIP = NO;
				DEBUG_INFORMATION_FORMAT = "dwarf-with-dsym";
				ENABLE_NS_ASSERTIONS = NO;
				ENABLE_STRICT_OBJC_MSGSEND = YES;
				GCC_C_LANGUAGE_STANDARD = gnu99;
				GCC_NO_COMMON_BLOCKS = YES;
				GCC_WARN_64_TO_32_BIT_CONVERSION = YES;
				GCC_WARN_ABOUT_RETURN_TYPE = YES_ERROR;
				GCC_WARN_UNDECLARED_SELECTOR = YES;
				GCC_WARN_UNINITIALIZED_AUTOS = YES_AGGRESSIVE;
				GCC_WARN_UNUSED_FUNCTION = YES;
				GCC_WARN_UNUSED_VARIABLE = YES;
				IPHONEOS_DEPLOYMENT_TARGET = 9.3;
				MTL_ENABLE_DEBUG_INFO = NO;
				SDKROOT = iphoneos;
				VALIDATE_PRODUCT = YES;
			};
			name = Release;
		};
		F03F87611DC6D89100A1CCFE /* Debug */ = {
			isa = XCBuildConfiguration;
			buildSettings = {
				ASSETCATALOG_COMPILER_APPICON_NAME = AppIcon;
				INFOPLIST_FILE = SYPicker/Info.plist;
				LD_RUNPATH_SEARCH_PATHS = "$(inherited) @executable_path/Frameworks";
				PRODUCT_BUNDLE_IDENTIFIER = sy.team.SYPicker;
				PRODUCT_NAME = "$(TARGET_NAME)";
			};
			name = Debug;
		};
		F03F87621DC6D89100A1CCFE /* Release */ = {
			isa = XCBuildConfiguration;
			buildSettings = {
				ASSETCATALOG_COMPILER_APPICON_NAME = AppIcon;
				INFOPLIST_FILE = SYPicker/Info.plist;
				LD_RUNPATH_SEARCH_PATHS = "$(inherited) @executable_path/Frameworks";
				PRODUCT_BUNDLE_IDENTIFIER = sy.team.SYPicker;
				PRODUCT_NAME = "$(TARGET_NAME)";
			};
			name = Release;
		};
/* End XCBuildConfiguration section */

/* Begin XCConfigurationList section */
		F03F87441DC6D89000A1CCFE /* Build configuration list for PBXProject "SYPicker" */ = {
			isa = XCConfigurationList;
			buildConfigurations = (
				F03F875E1DC6D89100A1CCFE /* Debug */,
				F03F875F1DC6D89100A1CCFE /* Release */,
			);
			defaultConfigurationIsVisible = 0;
			defaultConfigurationName = Release;
		};
		F03F87601DC6D89100A1CCFE /* Build configuration list for PBXNativeTarget "SYPicker" */ = {
			isa = XCConfigurationList;
			buildConfigurations = (
				F03F87611DC6D89100A1CCFE /* Debug */,
				F03F87621DC6D89100A1CCFE /* Release */,
			);
			defaultConfigurationIsVisible = 0;
		};
/* End XCConfigurationList section */
	};
	rootObject = F03F87411DC6D89000A1CCFE /* Project object */;
}
