// !$*UTF8*$!
{
	archiveVersion = 1;
	classes = {
	};
	objectVersion = 46;
	objects = {

/* Begin PBXBuildFile section */
		F00A4D2E1DC9D98D00D3D179 /* main.m in Sources */ = {isa = PBXBuildFile; fileRef = F00A4D2D1DC9D98D00D3D179 /* main.m */; };
		F00A4D311DC9D98D00D3D179 /* AppDelegate.m in Sources */ = {isa = PBXBuildFile; fileRef = F00A4D301DC9D98D00D3D179 /* AppDelegate.m */; };
		F00A4D341DC9D98D00D3D179 /* ViewController.m in Sources */ = {isa = PBXBuildFile; fileRef = F00A4D331DC9D98D00D3D179 /* ViewController.m */; };
		F00A4D371DC9D98D00D3D179 /* Main.storyboard in Resources */ = {isa = PBXBuildFile; fileRef = F00A4D351DC9D98D00D3D179 /* Main.storyboard */; };
		F00A4D391DC9D98D00D3D179 /* Assets.xcassets in Resources */ = {isa = PBXBuildFile; fileRef = F00A4D381DC9D98D00D3D179 /* Assets.xcassets */; };
		F00A4D3C1DC9D98D00D3D179 /* LaunchScreen.storyboard in Resources */ = {isa = PBXBuildFile; fileRef = F00A4D3A1DC9D98D00D3D179 /* LaunchScreen.storyboard */; };
		F00A4D461DC9D9D900D3D179 /* SYTapWave.m in Sources */ = {isa = PBXBuildFile; fileRef = F00A4D451DC9D9D900D3D179 /* SYTapWave.m */; };
/* End PBXBuildFile section */

/* Begin PBXFileReference section */
		F00A4D291DC9D98D00D3D179 /* SYTapWave.app */ = {isa = PBXFileReference; explicitFileType = wrapper.application; includeInIndex = 0; path = SYTapWave.app; sourceTree = BUILT_PRODUCTS_DIR; };
		F00A4D2D1DC9D98D00D3D179 /* main.m */ = {isa = PBXFileReference; lastKnownFileType = sourcecode.c.objc; path = main.m; sourceTree = "<group>"; };
		F00A4D2F1DC9D98D00D3D179 /* AppDelegate.h */ = {isa = PBXFileReference; lastKnownFileType = sourcecode.c.h; path = AppDelegate.h; sourceTree = "<group>"; };
		F00A4D301DC9D98D00D3D179 /* AppDelegate.m */ = {isa = PBXFileReference; lastKnownFileType = sourcecode.c.objc; path = AppDelegate.m; sourceTree = "<group>"; };
		F00A4D321DC9D98D00D3D179 /* ViewController.h */ = {isa = PBXFileReference; lastKnownFileType = sourcecode.c.h; path = ViewController.h; sourceTree = "<group>"; };
		F00A4D331DC9D98D00D3D179 /* ViewController.m */ = {isa = PBXFileReference; lastKnownFileType = sourcecode.c.objc; path = ViewController.m; sourceTree = "<group>"; };
		F00A4D361DC9D98D00D3D179 /* Base */ = {isa = PBXFileReference; lastKnownFileType = file.storyboard; name = Base; path = Base.lproj/Main.storyboard; sourceTree = "<group>"; };
		F00A4D381DC9D98D00D3D179 /* Assets.xcassets */ = {isa = PBXFileReference; lastKnownFileType = folder.assetcatalog; path = Assets.xcassets; sourceTree = "<group>"; };
		F00A4D3B1DC9D98D00D3D179 /* Base */ = {isa = PBXFileReference; lastKnownFileType = file.storyboard; name = Base; path = Base.lproj/LaunchScreen.storyboard; sourceTree = "<group>"; };
		F00A4D3D1DC9D98D00D3D179 /* Info.plist */ = {isa = PBXFileReference; lastKnownFileType = text.plist.xml; path = Info.plist; sourceTree = "<group>"; };
		F00A4D441DC9D9D900D3D179 /* SYTapWave.h */ = {isa = PBXFileReference; fileEncoding = 4; lastKnownFileType = sourcecode.c.h; path = SYTapWave.h; sourceTree = "<group>"; };
		F00A4D451DC9D9D900D3D179 /* SYTapWave.m */ = {isa = PBXFileReference; fileEncoding = 4; lastKnownFileType = sourcecode.c.objc; path = SYTapWave.m; sourceTree = "<group>"; };
/* End PBXFileReference section */

/* Begin PBXFrameworksBuildPhase section */
		F00A4D261DC9D98D00D3D179 /* Frameworks */ = {
			isa = PBXFrameworksBuildPhase;
			buildActionMask = 2147483647;
			files = (
			);
			runOnlyForDeploymentPostprocessing = 0;
		};
/* End PBXFrameworksBuildPhase section */

/* Begin PBXGroup section */
		F00A4D201DC9D98D00D3D179 = {
			isa = PBXGroup;
			children = (
				F00A4D2B1DC9D98D00D3D179 /* SYTapWave */,
				F00A4D2A1DC9D98D00D3D179 /* Products */,
			);
			sourceTree = "<group>";
		};
		F00A4D2A1DC9D98D00D3D179 /* Products */ = {
			isa = PBXGroup;
			children = (
				F00A4D291DC9D98D00D3D179 /* SYTapWave.app */,
			);
			name = Products;
			sourceTree = "<group>";
		};
		F00A4D2B1DC9D98D00D3D179 /* SYTapWave */ = {
			isa = PBXGroup;
			children = (
				F00A4D431DC9D9C400D3D179 /* SYTapWave */,
				F00A4D2F1DC9D98D00D3D179 /* AppDelegate.h */,
				F00A4D301DC9D98D00D3D179 /* AppDelegate.m */,
				F00A4D321DC9D98D00D3D179 /* ViewController.h */,
				F00A4D331DC9D98D00D3D179 /* ViewController.m */,
				F00A4D351DC9D98D00D3D179 /* Main.storyboard */,
				F00A4D381DC9D98D00D3D179 /* Assets.xcassets */,
				F00A4D3A1DC9D98D00D3D179 /* LaunchScreen.storyboard */,
				F00A4D3D1DC9D98D00D3D179 /* Info.plist */,
				F00A4D2C1DC9D98D00D3D179 /* Supporting Files */,
			);
			path = SYTapWave;
			sourceTree = "<group>";
		};
		F00A4D2C1DC9D98D00D3D179 /* Supporting Files */ = {
			isa = PBXGroup;
			children = (
				F00A4D2D1DC9D98D00D3D179 /* main.m */,
			);
			name = "Supporting Files";
			sourceTree = "<group>";
		};
		F00A4D431DC9D9C400D3D179 /* SYTapWave */ = {
			isa = PBXGroup;
			children = (
				F00A4D441DC9D9D900D3D179 /* SYTapWave.h */,
				F00A4D451DC9D9D900D3D179 /* SYTapWave.m */,
			);
			path = SYTapWave;
			sourceTree = "<group>";
		};
/* End PBXGroup section */

/* Begin PBXNativeTarget section */
		F00A4D281DC9D98D00D3D179 /* SYTapWave */ = {
			isa = PBXNativeTarget;
			buildConfigurationList = F00A4D401DC9D98D00D3D179 /* Build configuration list for PBXNativeTarget "SYTapWave" */;
			buildPhases = (
				F00A4D251DC9D98D00D3D179 /* Sources */,
				F00A4D261DC9D98D00D3D179 /* Frameworks */,
				F00A4D271DC9D98D00D3D179 /* Resources */,
			);
			buildRules = (
			);
			dependencies = (
			);
			name = SYTapWave;
			productName = SYTapWave;
			productReference = F00A4D291DC9D98D00D3D179 /* SYTapWave.app */;
			productType = "com.apple.product-type.application";
		};
/* End PBXNativeTarget section */

/* Begin PBXProject section */
		F00A4D211DC9D98D00D3D179 /* Project object */ = {
			isa = PBXProject;
			attributes = {
				LastUpgradeCheck = 0730;
				ORGANIZATIONNAME = tsy;
				TargetAttributes = {
					F00A4D281DC9D98D00D3D179 = {
						CreatedOnToolsVersion = 7.3.1;
					};
				};
			};
			buildConfigurationList = F00A4D241DC9D98D00D3D179 /* Build configuration list for PBXProject "SYTapWave" */;
			compatibilityVersion = "Xcode 3.2";
			developmentRegion = English;
			hasScannedForEncodings = 0;
			knownRegions = (
				en,
				Base,
			);
			mainGroup = F00A4D201DC9D98D00D3D179;
			productRefGroup = F00A4D2A1DC9D98D00D3D179 /* Products */;
			projectDirPath = "";
			projectRoot = "";
			targets = (
				F00A4D281DC9D98D00D3D179 /* SYTapWave */,
			);
		};
/* End PBXProject section */

/* Begin PBXResourcesBuildPhase section */
		F00A4D271DC9D98D00D3D179 /* Resources */ = {
			isa = PBXResourcesBuildPhase;
			buildActionMask = 2147483647;
			files = (
				F00A4D3C1DC9D98D00D3D179 /* LaunchScreen.storyboard in Resources */,
				F00A4D391DC9D98D00D3D179 /* Assets.xcassets in Resources */,
				F00A4D371DC9D98D00D3D179 /* Main.storyboard in Resources */,
			);
			runOnlyForDeploymentPostprocessing = 0;
		};
/* End PBXResourcesBuildPhase section */

/* Begin PBXSourcesBuildPhase section */
		F00A4D251DC9D98D00D3D179 /* Sources */ = {
			isa = PBXSourcesBuildPhase;
			buildActionMask = 2147483647;
			files = (
				F00A4D341DC9D98D00D3D179 /* ViewController.m in Sources */,
				F00A4D311DC9D98D00D3D179 /* AppDelegate.m in Sources */,
				F00A4D461DC9D9D900D3D179 /* SYTapWave.m in Sources */,
				F00A4D2E1DC9D98D00D3D179 /* main.m in Sources */,
			);
			runOnlyForDeploymentPostprocessing = 0;
		};
/* End PBXSourcesBuildPhase section */

/* Begin PBXVariantGroup section */
		F00A4D351DC9D98D00D3D179 /* Main.storyboard */ = {
			isa = PBXVariantGroup;
			children = (
				F00A4D361DC9D98D00D3D179 /* Base */,
			);
			name = Main.storyboard;
			sourceTree = "<group>";
		};
		F00A4D3A1DC9D98D00D3D179 /* LaunchScreen.storyboard */ = {
			isa = PBXVariantGroup;
			children = (
				F00A4D3B1DC9D98D00D3D179 /* Base */,
			);
			name = LaunchScreen.storyboard;
			sourceTree = "<group>";
		};
/* End PBXVariantGroup section */

/* Begin XCBuildConfiguration section */
		F00A4D3E1DC9D98D00D3D179 /* Debug */ = {
			isa = XCBuildConfiguration;
			buildSettings = {
				ALWAYS_SEARCH_USER_PATHS = NO;
				CLANG_ANALYZER_NONNULL = YES;
				CLANG_CXX_LANGUAGE_STANDARD = "gnu++0x";
				CLANG_CXX_LIBRARY = "libc++";
				CLANG_ENABLE_MODULES = YES;
				CLANG_ENABLE_OBJC_ARC = YES;
				CLANG_WARN_BOOL_CONVERSION = YES;
				CLANG_WARN_CONSTANT_CONVERSION = YES;
				CLANG_WARN_DIRECT_OBJC_ISA_USAGE = YES_ERROR;
				CLANG_WARN_EMPTY_BODY = YES;
				CLANG_WARN_ENUM_CONVERSION = YES;
				CLANG_WARN_INT_CONVERSION = YES;
				CLANG_WARN_OBJC_ROOT_CLASS = YES_ERROR;
				CLANG_WARN_UNREACHABLE_CODE = YES;
				CLANG_WARN__DUPLICATE_METHOD_MATCH = YES;
				"CODE_SIGN_IDENTITY[sdk=iphoneos*]" = "iPhone Developer";
				COPY_PHASE_STRIP = NO;
				DEBUG_INFORMATION_FORMAT = dwarf;
				ENABLE_STRICT_OBJC_MSGSEND = YES;
				ENABLE_TESTABILITY = YES;
				GCC_C_LANGUAGE_STANDARD = gnu99;
				GCC_DYNAMIC_NO_PIC = NO;
				GCC_NO_COMMON_BLOCKS = YES;
				GCC_OPTIMIZATION_LEVEL = 0;
				GCC_PREPROCESSOR_DEFINITIONS = (
					"DEBUG=1",
					"$(inherited)",
				);
				GCC_WARN_64_TO_32_BIT_CONVERSION = YES;
				GCC_WARN_ABOUT_RETURN_TYPE = YES_ERROR;
				GCC_WARN_UNDECLARED_SELECTOR = YES;
				GCC_WARN_UNINITIALIZED_AUTOS = YES_AGGRESSIVE;
				GCC_WARN_UNUSED_FUNCTION = YES;
				GCC_WARN_UNUSED_VARIABLE = YES;
				IPHONEOS_DEPLOYMENT_TARGET = 9.3;
				MTL_ENABLE_DEBUG_INFO = YES;
				ONLY_ACTIVE_ARCH = YES;
				SDKROOT = iphoneos;
			};
			name = Debug;
		};
		F00A4D3F1DC9D98D00D3D179 /* Release */ = {
			isa = XCBuildConfiguration;
			buildSettings = {
				ALWAYS_SEARCH_USER_PATHS = NO;
				CLANG_ANALYZER_NONNULL = YES;
				CLANG_CXX_LANGUAGE_STANDARD = "gnu++0x";
				CLANG_CXX_LIBRARY = "libc++";
				CLANG_ENABLE_MODULES = YES;
				CLANG_ENABLE_OBJC_ARC = YES;
				CLANG_WARN_BOOL_CONVERSION = YES;
				CLANG_WARN_CONSTANT_CONVERSION = YES;
				CLANG_WARN_DIRECT_OBJC_ISA_USAGE = YES_ERROR;
				CLANG_WARN_EMPTY_BODY = YES;
				CLANG_WARN_ENUM_CONVERSION = YES;
				CLANG_WARN_INT_CONVERSION = YES;
				CLANG_WARN_OBJC_ROOT_CLASS = YES_ERROR;
				CLANG_WARN_UNREACHABLE_CODE = YES;
				CLANG_WARN__DUPLICATE_METHOD_MATCH = YES;
				"CODE_SIGN_IDENTITY[sdk=iphoneos*]" = "iPhone Developer";
				COPY_PHASE_STRIP = NO;
				DEBUG_INFORMATION_FORMAT = "dwarf-with-dsym";
				ENABLE_NS_ASSERTIONS = NO;
				ENABLE_STRICT_OBJC_MSGSEND = YES;
				GCC_C_LANGUAGE_STANDARD = gnu99;
				GCC_NO_COMMON_BLOCKS = YES;
				GCC_WARN_64_TO_32_BIT_CONVERSION = YES;
				GCC_WARN_ABOUT_RETURN_TYPE = YES_ERROR;
				GCC_WARN_UNDECLARED_SELECTOR = YES;
				GCC_WARN_UNINITIALIZED_AUTOS = YES_AGGRESSIVE;
				GCC_WARN_UNUSED_FUNCTION = YES;
				GCC_WARN_UNUSED_VARIABLE = YES;
				IPHONEOS_DEPLOYMENT_TARGET = 9.3;
				MTL_ENABLE_DEBUG_INFO = NO;
				SDKROOT = iphoneos;
				VALIDATE_PRODUCT = YES;
			};
			name = Release;
		};
		F00A4D411DC9D98D00D3D179 /* Debug */ = {
			isa = XCBuildConfiguration;
			buildSettings = {
				ASSETCATALOG_COMPILER_APPICON_NAME = AppIcon;
				INFOPLIST_FILE = SYTapWave/Info.plist;
				LD_RUNPATH_SEARCH_PATHS = "$(inherited) @executable_path/Frameworks";
				PRODUCT_BUNDLE_IDENTIFIER = sy.team.SYTapWave;
				PRODUCT_NAME = "$(TARGET_NAME)";
			};
			name = Debug;
		};
		F00A4D421DC9D98D00D3D179 /* Release */ = {
			isa = XCBuildConfiguration;
			buildSettings = {
				ASSETCATALOG_COMPILER_APPICON_NAME = AppIcon;
				INFOPLIST_FILE = SYTapWave/Info.plist;
				LD_RUNPATH_SEARCH_PATHS = "$(inherited) @executable_path/Frameworks";
				PRODUCT_BUNDLE_IDENTIFIER = sy.team.SYTapWave;
				PRODUCT_NAME = "$(TARGET_NAME)";
			};
			name = Release;
		};
/* End XCBuildConfiguration section */

/* Begin XCConfigurationList section */
		F00A4D241DC9D98D00D3D179 /* Build configuration list for PBXProject "SYTapWave" */ = {
			isa = XCConfigurationList;
			buildConfigurations = (
				F00A4D3E1DC9D98D00D3D179 /* Debug */,
				F00A4D3F1DC9D98D00D3D179 /* Release */,
			);
			defaultConfigurationIsVisible = 0;
			defaultConfigurationName = Release;
		};
		F00A4D401DC9D98D00D3D179 /* Build configuration list for PBXNativeTarget "SYTapWave" */ = {
			isa = XCConfigurationList;
			buildConfigurations = (
				F00A4D411DC9D98D00D3D179 /* Debug */,
				F00A4D421DC9D98D00D3D179 /* Release */,
			);
			defaultConfigurationIsVisible = 0;
		};
/* End XCConfigurationList section */
	};
	rootObject = F00A4D211DC9D98D00D3D179 /* Project object */;
}
